{
  "version": 4,
  "terraform_version": "1.14.3",
  "serial": 426,
  "lineage": "58b426e5-da56-a33d-4be1-ca6cded7225e",
  "outputs": {},
  "resources": [
    {
      "mode": "managed",
      "type": "aws_autoscaling_group",
      "name": "gro_asg",
      "provider": "provider[\"registry.terraform.io/hashicorp/aws\"]",
      "instances": [
        {
          "schema_version": 1,
          "attributes": {
            "arn": "arn:aws:autoscaling:sa-east-1:891377135193:autoScalingGroup:4596d9db-c196-4698-bc20-0cda4b266b25:autoScalingGroupName/gro-asg-20260127172952593200000002",
            "availability_zone_distribution": [
              {
                "capacity_distribution_strategy": "balanced-best-effort"
              }
            ],
            "availability_zones": [
              "sa-east-1a",
              "sa-east-1b"
            ],
            "capacity_rebalance": false,
            "capacity_reservation_specification": [
              {
                "capacity_reservation_preference": "default",
                "capacity_reservation_target": []
              }
            ],
            "context": "",
            "default_cooldown": 300,
            "default_instance_warmup": 0,
            "desired_capacity": 3,
            "desired_capacity_type": "",
            "enabled_metrics": [
              "GroupDesiredCapacity",
              "GroupInServiceInstances",
              "GroupMaxSize",
              "GroupMinSize",
              "GroupTotalInstances"
            ],
            "force_delete": true,
            "force_delete_warm_pool": false,
            "health_check_grace_period": 300,
            "health_check_type": "ELB",
            "id": "gro-asg-20260127172952593200000002",
            "ignore_failed_scaling_activities": false,
            "initial_lifecycle_hook": [
              {
                "default_result": "CONTINUE",
                "heartbeat_timeout": 300,
                "lifecycle_transition": "autoscaling:EC2_INSTANCE_LAUNCHING",
                "name": "instance-protection-launch",
                "notification_metadata": "",
                "notification_target_arn": "",
                "role_arn": ""
              },
              {
                "default_result": "CONTINUE",
                "heartbeat_timeout": 300,
                "lifecycle_transition": "autoscaling:EC2_INSTANCE_TERMINATING",
                "name": "scale-in-protection",
                "notification_metadata": "",
                "notification_target_arn": "",
                "role_arn": ""
              }
            ],
            "instance_maintenance_policy": [],
            "instance_refresh": [],
            "launch_configuration": "",
            "launch_template": [
              {
                "id": "lt-02346b291b2625e57",
                "name": "gro-LT-20260127172155423800000003",
                "version": "$Latest"
              }
            ],
            "load_balancers": [],
            "max_instance_lifetime": 0,
            "max_size": 9,
            "metrics_granularity": "1Minute",
            "min_elb_capacity": null,
            "min_size": 3,
            "mixed_instances_policy": [],
            "name": "gro-asg-20260127172952593200000002",
            "name_prefix": "gro-asg-",
            "placement_group": "",
            "predicted_capacity": 0,
            "protect_from_scale_in": false,
            "region": "sa-east-1",
            "service_linked_role_arn": "arn:aws:iam::891377135193:role/aws-service-role/autoscaling.amazonaws.com/AWSServiceRoleForAutoScaling",
            "suspended_processes": [],
            "tag": [
              {
                "key": "Environment",
                "propagate_at_launch": true,
                "value": "Production"
              },
              {
                "key": "Name",
                "propagate_at_launch": true,
                "value": "gro-app-instance"
              },
              {
                "key": "Project",
                "propagate_at_launch": true,
                "value": "gro"
              }
            ],
            "target_group_arns": [
              "arn:aws:elasticloadbalancing:sa-east-1:891377135193:targetgroup/gro-tg01/9c2c6c2735dfac0d"
            ],
            "termination_policies": [],
            "timeouts": null,
            "traffic_source": [
              {
                "identifier": "arn:aws:elasticloadbalancing:sa-east-1:891377135193:targetgroup/gro-tg01/9c2c6c2735dfac0d",
                "type": "elbv2"
              }
            ],
            "vpc_zone_identifier": [
              "subnet-092ddf54036a2faca",
              "subnet-0e2af126ca131cce4"
            ],
            "wait_for_capacity_timeout": "10m",
            "wait_for_elb_capacity": null,
            "warm_pool": [],
            "warm_pool_size": 0
          },
          "sensitive_attributes": [],
          "identity_schema_version": 0,
          "private": "eyJlMmJmYjczMC1lY2FhLTExZTYtOGY4OC0zNDM2M2JjN2M0YzAiOnsiZGVsZXRlIjo2MDAwMDAwMDAwMDAsInVwZGF0ZSI6NjAwMDAwMDAwMDAwfSwic2NoZW1hX3ZlcnNpb24iOiIxIn0=",
          "dependencies": [
            "aws_launch_template.gro_LT",
            "aws_lb_target_group.gro_tg01",
            "aws_security_group.gro_ec2_sg01",
            "aws_subnet.gro_private_subnets",
            "aws_vpc.gro_vpc01"
          ]
        }
      ]
    },
    {
      "mode": "managed",
      "type": "aws_launch_template",
      "name": "gro_LT",
      "provider": "provider[\"registry.terraform.io/hashicorp/aws\"]",
      "instances": [
        {
          "schema_version": 1,
          "attributes": {
            "arn": "arn:aws:ec2:sa-east-1:891377135193:launch-template/lt-02346b291b2625e57",
            "block_device_mappings": [],
            "capacity_reservation_specification": [],
            "cpu_options": [],
            "credit_specification": [],
            "default_version": 1,
            "description": "",
            "disable_api_stop": false,
            "disable_api_termination": false,
            "ebs_optimized": "",
            "enclave_options": [],
            "hibernation_options": [],
            "iam_instance_profile": [],
            "id": "lt-02346b291b2625e57",
            "image_id": "ami-0f85876b1aff99dde",
            "instance_initiated_shutdown_behavior": "",
            "instance_market_options": [],
            "instance_requirements": [],
            "instance_type": "t3.micro",
            "kernel_id": "",
            "key_name": "",
            "latest_version": 3,
            "license_specification": [],
            "maintenance_options": [],
            "metadata_options": [],
            "monitoring": [],
            "name": "gro-LT-20260127172155423800000003",
            "name_prefix": "gro-LT-",
            "network_interfaces": [],
            "placement": [],
            "private_dns_name_options": [],
            "ram_disk_id": "",
            "region": "sa-east-1",
            "security_group_names": [],
            "tag_specifications": [
              {
                "resource_type": "instance",
                "tags": {
                  "Name": "gro-instance",
                  "Owner": "Terraform",
                  "Project": "gro",
                  "Service": "web-app"
                }
              }
            ],
            "tags": {},
            "tags_all": {},
            "update_default_version": null,
            "user_data": "IyEvYmluL2Jhc2gKY2xvdWQtaW5pdCBjbGVhbgpkbmYgdXBkYXRlIC15CmRuZiBpbnN0YWxsIC15IHB5dGhvbjMtcGlwCmRuZiBpbnN0YWxsIC15IG1hcmlhZGIxMDUKcGlwMyBpbnN0YWxsIGZsYXNrIHB5bXlzcWwgYm90bzMKIyBDcmVhdGUgcHJvamVjdCBkaXJlY3RvcmllcyBhbmQgc3RhdGljIHRlc3QgZmlsZSBlYXJseQpta2RpciAtcCAvb3B0L3Jkc2FwcC9zdGF0aWMKZWNobyAiVGhpcyBpcyBhIHRlc3Qgc3RhdGljIGZpbGUgZm9yIGNhY2hpbmcgcHJvb2YuIiA+IC9vcHQvcmRzYXBwL3N0YXRpYy9leGFtcGxlLnR4dApjaG1vZCA2NDQgL29wdC9yZHNhcHAvc3RhdGljL2V4YW1wbGUudHh0CmNob3duIC1SIGVjMi11c2VyOmVjMi11c2VyIC9vcHQvcmRzYXBwICMgTWFrZSBzdXJlIEZsYXNrIGNhbiByZWFkL3dyaXRlIGxvZ3Mvc3RhdGljCm1rZGlyIC1wIC9vcHQvcmRzYXBwCmNhdCA+L29wdC9yZHNhcHAvYXBwLnB5IDw8J1BZJwppbXBvcnQganNvbgppbXBvcnQgb3MKaW1wb3J0IGJvdG8zCmltcG9ydCBweW15c3FsCmltcG9ydCBsb2dnaW5nCmltcG9ydCBkYXRldGltZQpmcm9tIGZsYXNrIGltcG9ydCBGbGFzaywgcmVxdWVzdCwganNvbmlmeQojIFNldHVwIGxvZ2dpbmcKbG9nZ2luZy5iYXNpY0NvbmZpZygKICAgIGZpbGVuYW1lPScvb3B0L3Jkc2FwcC9hcHAubG9nJywKICAgIGxldmVsPWxvZ2dpbmcuSU5GTywKICAgIGZvcm1hdD0nJShhc2N0aW1lKXMgJShsZXZlbG5hbWUpcyAlKG5hbWUpcyAlKHRocmVhZE5hbWUpcyA6ICUobWVzc2FnZSlzJwopCmxvZ2dlciA9IGxvZ2dpbmcuZ2V0TG9nZ2VyKF9fbmFtZV9fKQpSRUdJT04gPSBvcy5lbnZpcm9uLmdldCgiQVdTX1JFR0lPTiIsICJ1cy1lYXN0LTEiKQpTRUNSRVRfSUQgPSBvcy5lbnZpcm9uLmdldCgiU0VDUkVUX0lEIiwgImJvcy9yZHMvbXlzcWwiKQpzZWNyZXRzID0gYm90bzMuY2xpZW50KCJzZWNyZXRzbWFuYWdlciIsIHJlZ2lvbl9uYW1lPVJFR0lPTikKZGVmIGdldF9kYl9jcmVkcygpOgogICAgdHJ5OgogICAgICAgIHJlc3AgPSBzZWNyZXRzLmdldF9zZWNyZXRfdmFsdWUoU2VjcmV0SWQ9U0VDUkVUX0lEKQogICAgICAgIHMgPSBqc29uLmxvYWRzKHJlc3BbIlNlY3JldFN0cmluZyJdKQogICAgICAgIHJldHVybiBzCiAgICBleGNlcHQgRXhjZXB0aW9uIGFzIGU6CiAgICAgICAgbG9nZ2VyLmVycm9yKGYiRmFpbGVkIHRvIHJldHJpZXZlIHNlY3JldCB7U0VDUkVUX0lEfToge3N0cihlKX0iKQogICAgICAgIHJhaXNlCmRlZiBnZXRfY29ubigpOgogICAgYyA9IGdldF9kYl9jcmVkcygpCiAgICBob3N0ID0gY1siaG9zdCJdCiAgICB1c2VyID0gY1sidXNlcm5hbWUiXQogICAgcGFzc3dvcmQgPSBjWyJwYXNzd29yZCJdCiAgICBwb3J0ID0gaW50KGMuZ2V0KCJwb3J0IiwgMzMwNikpCiAgICBkYiA9IGMuZ2V0KCJkYm5hbWUiLCAibGFiZGIiKQogICAgdHJ5OgogICAgICAgIHJldHVybiBweW15c3FsLmNvbm5lY3QoaG9zdD1ob3N0LCB1c2VyPXVzZXIsIHBhc3N3b3JkPXBhc3N3b3JkLCBwb3J0PXBvcnQsIGRhdGFiYXNlPWRiLCBhdXRvY29tbWl0PVRydWUpCiAgICBleGNlcHQgRXhjZXB0aW9uIGFzIGU6CiAgICAgICAgbG9nZ2VyLmVycm9yKGYiREIgY29ubmVjdGlvbiBmYWlsZWQ6IHtzdHIoZSl9IikKICAgICAgICByYWlzZQphcHAgPSBGbGFzayhfX25hbWVfXykKQGFwcC5yb3V0ZSgiLyIpCmRlZiBob21lKCk6CiAgICBsb2dnZXIuaW5mbygiQWNjZXNzZWQgaG9tZSBwYWdlIikKICAgIHJldHVybiAiIiIKICAgIDxoMj5FQzIgLT4gUkRTIE5vdGVzIEFwcDwvaDI+CiAgICA8cD5QT1NUIC9hZGQ/bm90ZT1oZWxsbzwvcD4KICAgIDxwPkdFVCAvbGlzdDwvcD4KICAgIDxwPkdFVCAvYXBpL2xpc3QgKEpTT04gdmVyc2lvbik8L3A+CiAgICAiIiIKQGFwcC5yb3V0ZSgiL2luaXQiKQpkZWYgaW5pdF9kYigpOgogICAgbG9nZ2VyLmluZm8oIkluaXRpYWxpemluZyBkYXRhYmFzZSIpCiAgICBjID0gZ2V0X2RiX2NyZWRzKCkKICAgIGhvc3QgPSBjWyJob3N0Il0KICAgIHVzZXIgPSBjWyJ1c2VybmFtZSJdCiAgICBwYXNzd29yZCA9IGNbInBhc3N3b3JkIl0KICAgIHBvcnQgPSBpbnQoYy5nZXQoInBvcnQiLCAzMzA2KSkKICAgIHRyeToKICAgICAgICBjb25uID0gcHlteXNxbC5jb25uZWN0KGhvc3Q9aG9zdCwgdXNlcj11c2VyLCBwYXNzd29yZD1wYXNzd29yZCwgcG9ydD1wb3J0LCBhdXRvY29tbWl0PVRydWUpCiAgICAgICAgY3VyID0gY29ubi5jdXJzb3IoKQogICAgICAgIGN1ci5leGVjdXRlKCJDUkVBVEUgREFUQUJBU0UgSUYgTk9UIEVYSVNUUyBsYWJkYjsiKQogICAgICAgIGN1ci5leGVjdXRlKCJVU0UgbGFiZGI7IikKICAgICAgICBjdXIuZXhlY3V0ZSgiIiIKICAgICAgICAgICAgQ1JFQVRFIFRBQkxFIElGIE5PVCBFWElTVFMgbm90ZXMgKAogICAgICAgICAgICAgICAgaWQgSU5UIEFVVE9fSU5DUkVNRU5UIFBSSU1BUlkgS0VZLAogICAgICAgICAgICAgICAgbm90ZSBWQVJDSEFSKDI1NSkgTk9UIE5VTEwKICAgICAgICAgICAgKTsKICAgICAgICAiIiIpCiAgICAgICAgY3VyLmNsb3NlKCkKICAgICAgICBjb25uLmNsb3NlKCkKICAgICAgICBsb2dnZXIuaW5mbygiRGF0YWJhc2UgYW5kIHRhYmxlIGluaXRpYWxpemVkIHN1Y2Nlc3NmdWxseSIpCiAgICAgICAgcmV0dXJuICJJbml0aWFsaXplZCBsYWJkYiArIG5vdGVzIHRhYmxlLiIKICAgIGV4Y2VwdCBFeGNlcHRpb24gYXMgZToKICAgICAgICBsb2dnZXIuZXJyb3IoZiJEQiBpbml0IGZhaWxlZDoge3N0cihlKX0iKQogICAgICAgIHJldHVybiBmIkluaXRpYWxpemF0aW9uIGZhaWxlZDoge3N0cihlKX0iLCA1MDAKQGFwcC5yb3V0ZSgiL2FkZCIsIG1ldGhvZHM9WyJQT1NUIiwgIkdFVCJdKQpkZWYgYWRkX25vdGUoKToKICAgIG5vdGUgPSByZXF1ZXN0LmFyZ3MuZ2V0KCJub3RlIiwgIiIpLnN0cmlwKCkKICAgIGlmIG5vdCBub3RlOgogICAgICAgIGxvZ2dlci53YXJuaW5nKCJBZGQgbm90ZSByZXF1ZXN0ZWQgd2l0aG91dCAnbm90ZScgcGFyYW1ldGVyIikKICAgICAgICByZXR1cm4gIk1pc3Npbmcgbm90ZSBwYXJhbS4gVHJ5OiAvYWRkP25vdGU9aGVsbG8iLCA0MDAKICAgIHRyeToKICAgICAgICBjb25uID0gZ2V0X2Nvbm4oKQogICAgICAgIGN1ciA9IGNvbm4uY3Vyc29yKCkKICAgICAgICBjdXIuZXhlY3V0ZSgiSU5TRVJUIElOVE8gbm90ZXMobm90ZSkgVkFMVUVTKCVzKTsiLCAobm90ZSwpKQogICAgICAgIGN1ci5jbG9zZSgpCiAgICAgICAgY29ubi5jbG9zZSgpCiAgICAgICAgbG9nZ2VyLmluZm8oZiJJbnNlcnRlZCBub3RlOiB7bm90ZX0iKQogICAgICAgIHJldHVybiBmIkluc2VydGVkIG5vdGU6IHtub3RlfSIKICAgIGV4Y2VwdCBFeGNlcHRpb24gYXMgZToKICAgICAgICBsb2dnZXIuZXJyb3IoZiJBZGQgbm90ZSBmYWlsZWQ6IHtzdHIoZSl9IikKICAgICAgICByZXR1cm4gZiJJbnNlcnQgZmFpbGVkOiB7c3RyKGUpfSIsIDUwMApAYXBwLnJvdXRlKCIvbGlzdCIpCmRlZiBsaXN0X25vdGVzKCk6CiAgICBsb2dnZXIuaW5mbygiTGlzdGluZyBub3RlcyIpCiAgICB0cnk6CiAgICAgICAgY29ubiA9IGdldF9jb25uKCkKICAgICAgICBjdXIgPSBjb25uLmN1cnNvcigpCiAgICAgICAgY3VyLmV4ZWN1dGUoIlNFTEVDVCBpZCwgbm90ZSBGUk9NIG5vdGVzIE9SREVSIEJZIGlkIERFU0M7IikKICAgICAgICByb3dzID0gY3VyLmZldGNoYWxsKCkKICAgICAgICBjdXIuY2xvc2UoKQogICAgICAgIGNvbm4uY2xvc2UoKQogICAgICAgIG91dCA9ICI8aDM+Tm90ZXM8L2gzPjx1bD4iCiAgICAgICAgZm9yIHIgaW4gcm93czoKICAgICAgICAgICAgb3V0ICs9IGYiPGxpPntyWzBdfToge3JbMV19PC9saT4iCiAgICAgICAgb3V0ICs9ICI8L3VsPiIKICAgICAgICBpZiBub3Qgcm93czoKICAgICAgICAgICAgb3V0ID0gIk5vIG5vdGVzIHlldC4iCiAgICAgICAgICAgIGxvZ2dlci5pbmZvKCJObyBub3RlcyBmb3VuZCIpCiAgICAgICAgZWxzZToKICAgICAgICAgICAgbG9nZ2VyLmluZm8oZiJSZXRyaWV2ZWQge2xlbihyb3dzKX0gbm90ZXMiKQogICAgICAgIHJldHVybiBvdXQKICAgIGV4Y2VwdCBFeGNlcHRpb24gYXMgZToKICAgICAgICBsb2dnZXIuZXJyb3IoZiJMaXN0IG5vdGVzIGZhaWxlZDoge3N0cihlKX0iKQogICAgICAgIHJldHVybiBmIkNhbm5vdCBsaXN0IG5vdGVzOiB7c3RyKGUpfSIsIDUwMAojIE5ldyBKU09OIEFQSSBlbmRwb2ludCBmb3IgL2FwaS9saXN0CkBhcHAucm91dGUoIi9hcGkvbGlzdCIpCmRlZiBhcGlfbGlzdCgpOgogICAgbG9nZ2VyLmluZm8oIkFQSSAvYXBpL2xpc3QgYWNjZXNzZWQiKQogICAgdHJ5OgogICAgICAgIGNvbm4gPSBnZXRfY29ubigpCiAgICAgICAgY3VyID0gY29ubi5jdXJzb3IoKQogICAgICAgIGN1ci5leGVjdXRlKCJTRUxFQ1QgaWQsIG5vdGUgRlJPTSBub3RlcyBPUkRFUiBCWSBpZCBERVNDOyIpCiAgICAgICAgcm93cyA9IGN1ci5mZXRjaGFsbCgpCiAgICAgICAgY3VyLmNsb3NlKCkKICAgICAgICBjb25uLmNsb3NlKCkKICAgICAgICByZXR1cm4ganNvbmlmeShbeyJpZCI6IHJbMF0sICJub3RlIjogclsxXX0gZm9yIHIgaW4gcm93c10pCiAgICBleGNlcHQgRXhjZXB0aW9uIGFzIGU6CiAgICAgICAgbG9nZ2VyLmVycm9yKGYiQVBJIGxpc3QgZmFpbGVkOiB7c3RyKGUpfSIpCiAgICAgICAgcmV0dXJuIGpzb25pZnkoeyJlcnJvciI6IHN0cihlKX0pLCA1MDAKQGFwcC5yb3V0ZSgnL2FwaS9wdWJsaWMtZmVlZCcpCmRlZiBwdWJsaWNfZmVlZCgpOgogICAgbm93ID0gZGF0ZXRpbWUuZGF0ZXRpbWUudXRjbm93KCkuaXNvZm9ybWF0KCkgKyAnWicKICAgIG1pbnV0ZSA9IGRhdGV0aW1lLmRhdGV0aW1lLnV0Y25vdygpLm1pbnV0ZQogICAgbWVzc2FnZSA9IGYiTWVzc2FnZSBvZiB0aGUgbWludXRlOiB7bWludXRlOjAyZH0gLSBGcmVzaCBmcm9tIG9yaWdpbiBhdCByZXF1ZXN0IHRpbWUhIgogICAgZGF0YSA9IHsKICAgICAgICAic2VydmVyX3RpbWVfdXRjIjogbm93LAogICAgICAgICJtZXNzYWdlX29mX3RoZV9taW51dGUiOiBtZXNzYWdlLAogICAgICAgICJub3RlIjogIlRoaXMgc2hvdWxkIGJlIGNhY2hlZCBieSBDbG91ZEZyb250IGZvciAzMCBzZWNvbmRzIChzLW1heGFnZT0zMCkiCiAgICB9CiAgICByZXNwb25zZSA9IGpzb25pZnkoZGF0YSkKICAgIHJlc3BvbnNlLmhlYWRlcnNbJ0NhY2hlLUNvbnRyb2wnXSA9ICdwdWJsaWMsIHMtbWF4YWdlPTMwLCBtYXgtYWdlPTAnCiAgICBsb2dnZXIuaW5mbyhmIlB1YmxpYyBmZWVkIHNlcnZlZDoge25vd30iKQogICAgcmV0dXJuIHJlc3BvbnNlCkBhcHAucm91dGUoJy9hcGkvcHJpdmF0ZS1mZWVkJykKZGVmIHByaXZhdGVfZmVlZCgpOgogICAgbm93ID0gZGF0ZXRpbWUuZGF0ZXRpbWUudXRjbm93KCkuaXNvZm9ybWF0KCkgKyAnWicKICAgIGRhdGEgPSB7CiAgICAgICAgInNlcnZlcl90aW1lX3V0YyI6IG5vdywKICAgICAgICAibWVzc2FnZSI6ICJBbHdheXMgZnJlc2ggLSBuZXZlciBjYWNoZWQiCiAgICB9CiAgICByZXNwb25zZSA9IGpzb25pZnkoZGF0YSkKICAgIGxvZ2dlci5pbmZvKGYiUHJpdmF0ZSBmZWVkIHNlcnZlZDoge25vd30iKQogICAgcmV0dXJuIHJlc3BvbnNlCiMgRGVmaW5lIHByaXZhdGUgcGF0aHMgdGhhdCBzaG91bGQgTkVWRVIgYmUgY2FjaGVkClBSSVZBVEVfUEFUSFMgPSB7CiAgICAnL2FwaS9saXN0JywKICAgICcvbGlzdCcsCiAgICAnL2FkZCcsCiAgICAnL2FwaS9wcml2YXRlLWZlZWQnLAp9CkBhcHAuYWZ0ZXJfcmVxdWVzdApkZWYgYWRkX25vX2NhY2hlX2hlYWRlcnMocmVzcG9uc2UpOgogICAgaWYgcmVxdWVzdC5wYXRoIGluIFBSSVZBVEVfUEFUSFM6CiAgICAgICAgcmVzcG9uc2UuaGVhZGVyc1snQ2FjaGUtQ29udHJvbCddID0gJ3ByaXZhdGUsIG5vLXN0b3JlJwogICAgICAgIHJlc3BvbnNlLmhlYWRlcnNbJ1ByYWdtYSddID0gJ25vLWNhY2hlJwogICAgICAgIHJlc3BvbnNlLmhlYWRlcnNbJ0V4cGlyZXMnXSA9ICcwJwogICAgcmV0dXJuIHJlc3BvbnNlCmlmIF9fbmFtZV9fID09ICJfX21haW5fXyI6CiAgICBsb2dnZXIuaW5mbygiU3RhcnRpbmcgRmxhc2sgYXBwIikKICAgIGFwcC5ydW4oaG9zdD0iMC4wLjAuMCIsIHBvcnQ9ODApClBZCmNhdCA+L2V0Yy9zeXN0ZW1kL3N5c3RlbS9yZHNhcHAuc2VydmljZSA8PCdTRVJWSUNFJwpbVW5pdF0KRGVzY3JpcHRpb249RUMyIHRvIFJEUyBOb3RlcyBBcHAKQWZ0ZXI9bmV0d29yay50YXJnZXQKW1NlcnZpY2VdCldvcmtpbmdEaXJlY3Rvcnk9L29wdC9yZHNhcHAKRW52aXJvbm1lbnQ9U0VDUkVUX0lEPWJvcy9yZHMvbXlzcWwKRXhlY1N0YXJ0PS91c3IvYmluL3B5dGhvbjMgL29wdC9yZHNhcHAvYXBwLnB5ClJlc3RhcnQ9YWx3YXlzCltJbnN0YWxsXQpXYW50ZWRCeT1tdWx0aS11c2VyLnRhcmdldApTRVJWSUNFCnN5c3RlbWN0bCBkYWVtb24tcmVsb2FkCnN5c3RlbWN0bCBlbmFibGUgcmRzYXBwCnN5c3RlbWN0bCBzdGFydCByZHNhcHAKPT09IEFERCBDTE9VRFdBVENIIEFHRU5UIEJFTE9XIFRISVMgTElORSA9PT0KIyBJbnN0YWxsIHVuaWZpZWQgQ2xvdWRXYXRjaCBBZ2VudAp3Z2V0IGh0dHBzOi8vczMuYW1hem9uYXdzLmNvbS9hbWF6b25jbG91ZHdhdGNoLWFnZW50LXVzLWVhc3QtMS9hbWF6b25fbGludXgvYW1kNjQvbGF0ZXN0L2FtYXpvbi1jbG91ZHdhdGNoLWFnZW50LnJwbQpycG0gLVUgLi9hbWF6b24tY2xvdWR3YXRjaC1hZ2VudC5ycG0KIyBDcmVhdGUgY29uZmlnIGRpcmVjdG9yeSBpZiBuZWVkZWQKbWtkaXIgLXAgL29wdC9hd3MvYW1hem9uLWNsb3Vkd2F0Y2gtYWdlbnQvYmluCmNhdCA+L29wdC9hd3MvYW1hem9uLWNsb3Vkd2F0Y2gtYWdlbnQvYmluL2NvbmZpZy5qc29uIDw8J0VPRicKewogICJhZ2VudCI6IHsKICAgICJydW5fYXNfdXNlciI6ICJjd2FnZW50IgogIH0sCiAgImxvZ3MiOiB7CiAgICAibG9nc19jb2xsZWN0ZWQiOiB7CiAgICAgICJmaWxlcyI6IHsKICAgICAgICAiY29sbGVjdF9saXN0IjogWwogICAgICAgICAgewogICAgICAgICAgICAiZmlsZV9wYXRoIjogIi9vcHQvcmRzYXBwLyoubG9nIiwKICAgICAgICAgICAgImxvZ19ncm91cF9uYW1lIjogIi9hd3MvZWMyL2Jvcy1yZHMtYXBwIiwKICAgICAgICAgICAgImxvZ19zdHJlYW1fbmFtZSI6ICJ7aW5zdGFuY2VfaWR9IgogICAgICAgICAgfQogICAgICAgIF0KICAgICAgfQogICAgfQogIH0KfQpFT0YKIyBTdGFydCB0aGUgYWdlbnQKL29wdC9hd3MvYW1hem9uLWNsb3Vkd2F0Y2gtYWdlbnQvYmluL2FtYXpvbi1jbG91ZHdhdGNoLWFnZW50LWN0bCBcCi1hIGZldGNoLWNvbmZpZyAtbSBlYzIgXAotYyBmaWxlOi9vcHQvYXdzL2FtYXpvbi1jbG91ZHdhdGNoLWFnZW50L2Jpbi9jb25maWcuanNvbiAtcwojIFRlc3QgbG9nCmxvZ2dlciAiUkRTIEFwcCBhbmQgQ2xvdWRXYXRjaCBBZ2VudCBzdGFydGVkIHN1Y2Nlc3NmdWxseSAkKGRhdGUpIg==",
            "vpc_security_group_ids": [
              "sg-03895930d3468a8eb"
            ]
          },
          "sensitive_attributes": [],
          "identity_schema_version": 0,
          "private": "eyJzY2hlbWFfdmVyc2lvbiI6IjEifQ==",
          "dependencies": [
            "aws_security_group.gro_ec2_sg01",
            "aws_vpc.gro_vpc01"
          ],
          "create_before_destroy": true
        }
      ]
    },
    {
      "mode": "managed",
      "type": "aws_lb_target_group",
      "name": "gro_tg01",
      "provider": "provider[\"registry.terraform.io/hashicorp/aws\"]",
      "instances": [
        {
          "schema_version": 0,
          "attributes": {
            "arn": "arn:aws:elasticloadbalancing:sa-east-1:891377135193:targetgroup/gro-tg01/9c2c6c2735dfac0d",
            "arn_suffix": "targetgroup/gro-tg01/9c2c6c2735dfac0d",
            "connection_termination": null,
            "deregistration_delay": "300",
            "health_check": [
              {
                "enabled": true,
                "healthy_threshold": 2,
                "interval": 30,
                "matcher": "200-399",
                "path": "/health",
                "port": "traffic-port",
                "protocol": "HTTP",
                "timeout": 5,
                "unhealthy_threshold": 2
              }
            ],
            "id": "arn:aws:elasticloadbalancing:sa-east-1:891377135193:targetgroup/gro-tg01/9c2c6c2735dfac0d",
            "ip_address_type": "ipv4",
            "lambda_multi_value_headers_enabled": false,
            "load_balancer_arns": [],
            "load_balancing_algorithm_type": "round_robin",
            "load_balancing_anomaly_mitigation": "off",
            "load_balancing_cross_zone_enabled": "use_load_balancer_configuration",
            "name": "gro-tg01",
            "name_prefix": "",
            "port": 80,
            "preserve_client_ip": null,
            "protocol": "HTTP",
            "protocol_version": "HTTP1",
            "proxy_protocol_v2": false,
            "region": "sa-east-1",
            "slow_start": 0,
            "stickiness": [
              {
                "cookie_duration": 86400,
                "cookie_name": "",
                "enabled": false,
                "type": "lb_cookie"
              }
            ],
            "tags": {
              "Name": "gro-tg01"
            },
            "tags_all": {
              "Name": "gro-tg01"
            },
            "target_control_port": 0,
            "target_failover": [
              {
                "on_deregistration": null,
                "on_unhealthy": null
              }
            ],
            "target_group_health": [
              {
                "dns_failover": [
                  {
                    "minimum_healthy_targets_count": "1",
                    "minimum_healthy_targets_percentage": "off"
                  }
                ],
                "unhealthy_state_routing": [
                  {
                    "minimum_healthy_targets_count": 1,
                    "minimum_healthy_targets_percentage": "off"
                  }
                ]
              }
            ],
            "target_health_state": [
              {
                "enable_unhealthy_connection_termination": null,
                "unhealthy_draining_interval": null
              }
            ],
            "target_type": "instance",
            "vpc_id": "vpc-0085a4aef250dca69"
          },
          "sensitive_attributes": [],
          "identity_schema_version": 0,
          "identity": {
            "arn": "arn:aws:elasticloadbalancing:sa-east-1:891377135193:targetgroup/gro-tg01/9c2c6c2735dfac0d"
          },
          "private": "bnVsbA==",
          "dependencies": [
            "aws_vpc.gro_vpc01"
          ]
        }
      ]
    },
    {
      "mode": "managed",
      "type": "aws_security_group",
      "name": "gro_ec2_sg01",
      "provider": "provider[\"registry.terraform.io/hashicorp/aws\"]",
      "instances": [
        {
          "schema_version": 1,
          "attributes": {
            "arn": "arn:aws:ec2:sa-east-1:891377135193:security-group/sg-03895930d3468a8eb",
            "description": "EC2 app security group",
            "egress": [
              {
                "cidr_blocks": [
                  "0.0.0.0/0"
                ],
                "description": "",
                "from_port": 0,
                "ipv6_cidr_blocks": [],
                "prefix_list_ids": [],
                "protocol": "-1",
                "security_groups": [],
                "self": false,
                "to_port": 0
              }
            ],
            "id": "sg-03895930d3468a8eb",
            "ingress": [
              {
                "cidr_blocks": [],
                "description": "",
                "from_port": 80,
                "ipv6_cidr_blocks": [],
                "prefix_list_ids": [],
                "protocol": "tcp",
                "security_groups": [
                  "sg-0a214af52272f5c97"
                ],
                "self": false,
                "to_port": 80
              }
            ],
            "name": "gro-ec2-sg01",
            "name_prefix": "",
            "owner_id": "891377135193",
            "region": "sa-east-1",
            "revoke_rules_on_delete": false,
            "tags": {
              "Name": "gro-ec2-sg01"
            },
            "tags_all": {
              "Name": "gro-ec2-sg01"
            },
            "timeouts": null,
            "vpc_id": "vpc-0085a4aef250dca69"
          },
          "sensitive_attributes": [],
          "identity_schema_version": 0,
          "identity": {
            "account_id": "891377135193",
            "id": "sg-03895930d3468a8eb",
            "region": "sa-east-1"
          },
          "private": "eyJlMmJmYjczMC1lY2FhLTExZTYtOGY4OC0zNDM2M2JjN2M0YzAiOnsiY3JlYXRlIjo2MDAwMDAwMDAwMDAsImRlbGV0ZSI6OTAwMDAwMDAwMDAwfSwic2NoZW1hX3ZlcnNpb24iOiIxIn0=",
          "dependencies": [
            "aws_vpc.gro_vpc01"
          ],
          "create_before_destroy": true
        }
      ]
    },
    {
      "mode": "managed",
      "type": "aws_subnet",
      "name": "gro_private_subnets",
      "provider": "provider[\"registry.terraform.io/hashicorp/aws\"]",
      "instances": [
        {
          "index_key": 0,
          "schema_version": 1,
          "attributes": {
            "arn": "arn:aws:ec2:sa-east-1:891377135193:subnet/subnet-0e2af126ca131cce4",
            "assign_ipv6_address_on_creation": false,
            "availability_zone": "sa-east-1a",
            "availability_zone_id": "sae1-az1",
            "cidr_block": "10.55.101.0/24",
            "customer_owned_ipv4_pool": "",
            "enable_dns64": false,
            "enable_lni_at_device_index": 0,
            "enable_resource_name_dns_a_record_on_launch": false,
            "enable_resource_name_dns_aaaa_record_on_launch": false,
            "id": "subnet-0e2af126ca131cce4",
            "ipv6_cidr_block": "",
            "ipv6_cidr_block_association_id": "",
            "ipv6_native": false,
            "map_customer_owned_ip_on_launch": false,
            "map_public_ip_on_launch": false,
            "outpost_arn": "",
            "owner_id": "891377135193",
            "private_dns_hostname_type_on_launch": "ip-name",
            "region": "sa-east-1",
            "tags": {
              "Name": "gro-private-subnet-1"
            },
            "tags_all": {
              "Name": "gro-private-subnet-1"
            },
            "timeouts": null,
            "vpc_id": "vpc-0085a4aef250dca69"
          },
          "sensitive_attributes": [],
          "identity_schema_version": 0,
          "identity": {
            "account_id": "891377135193",
            "id": "subnet-0e2af126ca131cce4",
            "region": "sa-east-1"
          },
          "private": "eyJlMmJmYjczMC1lY2FhLTExZTYtOGY4OC0zNDM2M2JjN2M0YzAiOnsiY3JlYXRlIjo2MDAwMDAwMDAwMDAsImRlbGV0ZSI6MTIwMDAwMDAwMDAwMH0sInNjaGVtYV92ZXJzaW9uIjoiMSJ9",
          "dependencies": [
            "aws_vpc.gro_vpc01"
          ]
        },
        {
          "index_key": 1,
          "schema_version": 1,
          "attributes": {
            "arn": "arn:aws:ec2:sa-east-1:891377135193:subnet/subnet-092ddf54036a2faca",
            "assign_ipv6_address_on_creation": false,
            "availability_zone": "sa-east-1b",
            "availability_zone_id": "sae1-az2",
            "cidr_block": "10.55.102.0/24",
            "customer_owned_ipv4_pool": "",
            "enable_dns64": false,
            "enable_lni_at_device_index": 0,
            "enable_resource_name_dns_a_record_on_launch": false,
            "enable_resource_name_dns_aaaa_record_on_launch": false,
            "id": "subnet-092ddf54036a2faca",
            "ipv6_cidr_block": "",
            "ipv6_cidr_block_association_id": "",
            "ipv6_native": false,
            "map_customer_owned_ip_on_launch": false,
            "map_public_ip_on_launch": false,
            "outpost_arn": "",
            "owner_id": "891377135193",
            "private_dns_hostname_type_on_launch": "ip-name",
            "region": "sa-east-1",
            "tags": {
              "Name": "gro-private-subnet-2"
            },
            "tags_all": {
              "Name": "gro-private-subnet-2"
            },
            "timeouts": null,
            "vpc_id": "vpc-0085a4aef250dca69"
          },
          "sensitive_attributes": [],
          "identity_schema_version": 0,
          "identity": {
            "account_id": "891377135193",
            "id": "subnet-092ddf54036a2faca",
            "region": "sa-east-1"
          },
          "private": "eyJlMmJmYjczMC1lY2FhLTExZTYtOGY4OC0zNDM2M2JjN2M0YzAiOnsiY3JlYXRlIjo2MDAwMDAwMDAwMDAsImRlbGV0ZSI6MTIwMDAwMDAwMDAwMH0sInNjaGVtYV92ZXJzaW9uIjoiMSJ9",
          "dependencies": [
            "aws_vpc.gro_vpc01"
          ]
        }
      ]
    },
    {
      "mode": "managed",
      "type": "aws_vpc",
      "name": "gro_vpc01",
      "provider": "provider[\"registry.terraform.io/hashicorp/aws\"]",
      "instances": [
        {
          "schema_version": 1,
          "attributes": {
            "arn": "arn:aws:ec2:sa-east-1:891377135193:vpc/vpc-0085a4aef250dca69",
            "assign_generated_ipv6_cidr_block": false,
            "cidr_block": "10.55.0.0/16",
            "default_network_acl_id": "acl-0965b012536bbfb72",
            "default_route_table_id": "rtb-09111151412a837df",
            "default_security_group_id": "sg-0567d1acaa26834e5",
            "dhcp_options_id": "dopt-02fafc093fb18aee7",
            "enable_dns_hostnames": true,
            "enable_dns_support": true,
            "enable_network_address_usage_metrics": false,
            "id": "vpc-0085a4aef250dca69",
            "instance_tenancy": "default",
            "ipv4_ipam_pool_id": null,
            "ipv4_netmask_length": null,
            "ipv6_association_id": "",
            "ipv6_cidr_block": "",
            "ipv6_cidr_block_network_border_group": "",
            "ipv6_ipam_pool_id": "",
            "ipv6_netmask_length": 0,
            "main_route_table_id": "rtb-09111151412a837df",
            "owner_id": "891377135193",
            "region": "sa-east-1",
            "tags": {
              "Name": "gro-vpc01"
            },
            "tags_all": {
              "Name": "gro-vpc01"
            }
          },
          "sensitive_attributes": [],
          "identity_schema_version": 0,
          "identity": {
            "account_id": "891377135193",
            "id": "vpc-0085a4aef250dca69",
            "region": "sa-east-1"
          },
          "private": "eyJzY2hlbWFfdmVyc2lvbiI6IjEifQ==",
          "create_before_destroy": true
        }
      ]
    }
  ],
  "check_results": [
    {
      "object_kind": "var",
      "config_addr": "var.alb_access_logs_prefix",
      "status": "unknown",
      "objects": null
    },
    {
      "object_kind": "var",
      "config_addr": "var.route53_hosted_zone_id",
      "status": "unknown",
      "objects": null
    },
    {
      "object_kind": "var",
      "config_addr": "var.waf_log_destination",
      "status": "unknown",
      "objects": null
    }
  ]
}
