{
  "version": 4,
  "terraform_version": "1.14.3",
  "serial": 491,
  "lineage": "58b426e5-da56-a33d-4be1-ca6cded7225e",
  "outputs": {
    "gru_ec2_instance_id": {
      "value": "i-0318fd72968cb63d0",
      "type": "string"
    },
    "gru_log_group_name": {
      "value": "/aws/ec2/gro-rds-app",
      "type": "string"
    },
    "gru_private_subnet_ids": {
      "value": [
        "subnet-0bb6a75cfb11186fb",
        "subnet-09ee0748f45cb1390"
      ],
      "type": [
        "tuple",
        [
          "string",
          "string"
        ]
      ]
    },
    "gru_public_subnet_ids": {
      "value": [
        "subnet-02bc0af467878679d",
        "subnet-024f7d8f1f563b93b"
      ],
      "type": [
        "tuple",
        [
          "string",
          "string"
        ]
      ]
    },
    "gru_sns_topic_arn": {
      "value": "arn:aws:sns:sa-east-1:891377135193:gro-db-incidents",
      "type": "string"
    },
    "gru_vpc_id": {
      "value": "vpc-0df2da2929960c7e0",
      "type": "string"
    }
  },
  "resources": [
    {
      "mode": "data",
      "type": "aws_caller_identity",
      "name": "gru_self01",
      "provider": "provider[\"registry.terraform.io/hashicorp/aws\"]",
      "instances": [
        {
          "schema_version": 0,
          "attributes": {
            "account_id": "891377135193",
            "arn": "arn:aws:iam::891377135193:user/AWSCLI",
            "id": "891377135193",
            "user_id": "AIDA47CRXVZMTO7B3O726"
          },
          "sensitive_attributes": [],
          "identity_schema_version": 0
        }
      ]
    },
    {
      "mode": "data",
      "type": "aws_cloudfront_cache_policy",
      "name": "caching_disabled",
      "provider": "provider[\"registry.terraform.io/hashicorp/aws\"]",
      "instances": [
        {
          "schema_version": 0,
          "attributes": {
            "arn": "arn:aws:cloudfront::891377135193:cache-policy/4135ea2d-6df8-44a3-9df3-4b5a84be39ad",
            "comment": "Policy with caching disabled",
            "default_ttl": 0,
            "etag": "E23ZP02F085DFQ",
            "id": "4135ea2d-6df8-44a3-9df3-4b5a84be39ad",
            "max_ttl": 0,
            "min_ttl": 0,
            "name": "Managed-CachingDisabled",
            "parameters_in_cache_key_and_forwarded_to_origin": [
              {
                "cookies_config": [
                  {
                    "cookie_behavior": "none",
                    "cookies": []
                  }
                ],
                "enable_accept_encoding_brotli": false,
                "enable_accept_encoding_gzip": false,
                "headers_config": [
                  {
                    "header_behavior": "none",
                    "headers": []
                  }
                ],
                "query_strings_config": [
                  {
                    "query_string_behavior": "none",
                    "query_strings": []
                  }
                ]
              }
            ]
          },
          "sensitive_attributes": [],
          "identity_schema_version": 0
        }
      ]
    },
    {
      "mode": "data",
      "type": "aws_cloudfront_cache_policy",
      "name": "gru_use_origin_cache_headers01",
      "provider": "provider[\"registry.terraform.io/hashicorp/aws\"]",
      "instances": [
        {
          "schema_version": 0,
          "attributes": {
            "arn": "arn:aws:cloudfront::891377135193:cache-policy/83da9c7e-98b4-4e11-a168-04f0df8e2c65",
            "comment": "Policy for origins that return Cache-Control headers. Query strings are not included in the cache key.",
            "default_ttl": 0,
            "etag": "E23ZP02F085DFQ",
            "id": "83da9c7e-98b4-4e11-a168-04f0df8e2c65",
            "max_ttl": 31536000,
            "min_ttl": 0,
            "name": "UseOriginCacheControlHeaders",
            "parameters_in_cache_key_and_forwarded_to_origin": [
              {
                "cookies_config": [
                  {
                    "cookie_behavior": "all",
                    "cookies": []
                  }
                ],
                "enable_accept_encoding_brotli": true,
                "enable_accept_encoding_gzip": true,
                "headers_config": [
                  {
                    "header_behavior": "whitelist",
                    "headers": [
                      {
                        "items": [
                          "host",
                          "origin",
                          "x-http-method",
                          "x-http-method-override",
                          "x-method-override"
                        ]
                      }
                    ]
                  }
                ],
                "query_strings_config": [
                  {
                    "query_string_behavior": "none",
                    "query_strings": []
                  }
                ]
              }
            ]
          },
          "sensitive_attributes": [],
          "identity_schema_version": 0
        }
      ]
    },
    {
      "mode": "data",
      "type": "aws_cloudfront_cache_policy",
      "name": "gru_use_origin_cache_headers_qs01",
      "provider": "provider[\"registry.terraform.io/hashicorp/aws\"]",
      "instances": [
        {
          "schema_version": 0,
          "attributes": {
            "arn": "arn:aws:cloudfront::891377135193:cache-policy/4cc15a8a-d715-48a4-82b8-cc0b614638fe",
            "comment": "Policy for origins that return Cache-Control headers and serve different content based on values present in the query string.",
            "default_ttl": 0,
            "etag": "E23ZP02F085DFQ",
            "id": "4cc15a8a-d715-48a4-82b8-cc0b614638fe",
            "max_ttl": 31536000,
            "min_ttl": 0,
            "name": "UseOriginCacheControlHeaders-QueryStrings",
            "parameters_in_cache_key_and_forwarded_to_origin": [
              {
                "cookies_config": [
                  {
                    "cookie_behavior": "all",
                    "cookies": []
                  }
                ],
                "enable_accept_encoding_brotli": true,
                "enable_accept_encoding_gzip": true,
                "headers_config": [
                  {
                    "header_behavior": "whitelist",
                    "headers": [
                      {
                        "items": [
                          "host",
                          "origin",
                          "x-http-method",
                          "x-http-method-override",
                          "x-method-override"
                        ]
                      }
                    ]
                  }
                ],
                "query_strings_config": [
                  {
                    "query_string_behavior": "all",
                    "query_strings": []
                  }
                ]
              }
            ]
          },
          "sensitive_attributes": [],
          "identity_schema_version": 0
        }
      ]
    },
    {
      "mode": "data",
      "type": "aws_cloudfront_origin_request_policy",
      "name": "gru_orp_all_viewer01",
      "provider": "provider[\"registry.terraform.io/hashicorp/aws\"]",
      "instances": [
        {
          "schema_version": 0,
          "attributes": {
            "arn": "arn:aws:cloudfront::891377135193:origin-request-policy/216adef6-5c7f-47e4-b989-5492eafa07d3",
            "comment": "Policy to forward all parameters in viewer requests",
            "cookies_config": [
              {
                "cookie_behavior": "all",
                "cookies": []
              }
            ],
            "etag": "E23ZP02F085DFQ",
            "headers_config": [
              {
                "header_behavior": "allViewer",
                "headers": []
              }
            ],
            "id": "216adef6-5c7f-47e4-b989-5492eafa07d3",
            "name": "Managed-AllViewer",
            "query_strings_config": [
              {
                "query_string_behavior": "all",
                "query_strings": []
              }
            ]
          },
          "sensitive_attributes": [],
          "identity_schema_version": 0
        }
      ]
    },
    {
      "mode": "data",
      "type": "aws_cloudfront_origin_request_policy",
      "name": "gru_orp_all_viewer_except_host01",
      "provider": "provider[\"registry.terraform.io/hashicorp/aws\"]",
      "instances": [
        {
          "schema_version": 0,
          "attributes": {
            "arn": "arn:aws:cloudfront::891377135193:origin-request-policy/b689b0a8-53d0-40ab-baf2-68738e2966ac",
            "comment": "Policy to forward all parameters in viewer requests except for the Host header",
            "cookies_config": [
              {
                "cookie_behavior": "all",
                "cookies": []
              }
            ],
            "etag": "E23ZP02F085DFQ",
            "headers_config": [
              {
                "header_behavior": "allExcept",
                "headers": [
                  {
                    "items": [
                      "host"
                    ]
                  }
                ]
              }
            ],
            "id": "b689b0a8-53d0-40ab-baf2-68738e2966ac",
            "name": "Managed-AllViewerExceptHostHeader",
            "query_strings_config": [
              {
                "query_string_behavior": "all",
                "query_strings": []
              }
            ]
          },
          "sensitive_attributes": [],
          "identity_schema_version": 0
        }
      ]
    },
    {
      "mode": "data",
      "type": "aws_cloudfront_origin_request_policy",
      "name": "managed_all_viewer_except_host",
      "provider": "provider[\"registry.terraform.io/hashicorp/aws\"]",
      "instances": [
        {
          "schema_version": 0,
          "attributes": {
            "arn": "arn:aws:cloudfront::891377135193:origin-request-policy/b689b0a8-53d0-40ab-baf2-68738e2966ac",
            "comment": "Policy to forward all parameters in viewer requests except for the Host header",
            "cookies_config": [
              {
                "cookie_behavior": "all",
                "cookies": []
              }
            ],
            "etag": "E23ZP02F085DFQ",
            "headers_config": [
              {
                "header_behavior": "allExcept",
                "headers": [
                  {
                    "items": [
                      "host"
                    ]
                  }
                ]
              }
            ],
            "id": "b689b0a8-53d0-40ab-baf2-68738e2966ac",
            "name": "Managed-AllViewerExceptHostHeader",
            "query_strings_config": [
              {
                "query_string_behavior": "all",
                "query_strings": []
              }
            ]
          },
          "sensitive_attributes": [],
          "identity_schema_version": 0
        }
      ]
    },
    {
      "mode": "data",
      "type": "aws_ec2_managed_prefix_list",
      "name": "gru_cf_origin_facing01",
      "provider": "provider[\"registry.terraform.io/hashicorp/aws\"]",
      "instances": [
        {
          "schema_version": 0,
          "attributes": {
            "address_family": "IPv4",
            "arn": "arn:aws:ec2:sa-east-1:aws:prefix-list/pl-5da64334",
            "entries": [
              {
                "cidr": "13.124.199.0/24",
                "description": ""
              },
              {
                "cidr": "130.176.0.0/18",
                "description": ""
              },
              {
                "cidr": "130.176.128.0/21",
                "description": ""
              },
              {
                "cidr": "130.176.136.0/23",
                "description": ""
              },
              {
                "cidr": "130.176.140.0/22",
                "description": ""
              },
              {
                "cidr": "130.176.144.0/20",
                "description": ""
              },
              {
                "cidr": "130.176.160.0/19",
                "description": ""
              },
              {
                "cidr": "130.176.192.0/19",
                "description": ""
              },
              {
                "cidr": "130.176.64.0/21",
                "description": ""
              },
              {
                "cidr": "130.176.72.0/22",
                "description": ""
              },
              {
                "cidr": "130.176.76.0/24",
                "description": ""
              },
              {
                "cidr": "130.176.78.0/23",
                "description": ""
              },
              {
                "cidr": "130.176.80.0/22",
                "description": ""
              },
              {
                "cidr": "130.176.86.0/23",
                "description": ""
              },
              {
                "cidr": "130.176.88.0/21",
                "description": ""
              },
              {
                "cidr": "130.176.96.0/19",
                "description": ""
              },
              {
                "cidr": "15.158.0.0/16",
                "description": ""
              },
              {
                "cidr": "18.68.0.0/16",
                "description": ""
              },
              {
                "cidr": "204.246.166.0/24",
                "description": ""
              },
              {
                "cidr": "205.251.218.0/24",
                "description": ""
              },
              {
                "cidr": "3.172.0.0/18",
                "description": ""
              },
              {
                "cidr": "3.172.64.0/18",
                "description": ""
              },
              {
                "cidr": "3.29.57.0/26",
                "description": ""
              },
              {
                "cidr": "52.46.0.0/18",
                "description": ""
              },
              {
                "cidr": "52.82.128.0/23",
                "description": ""
              },
              {
                "cidr": "52.82.134.0/23",
                "description": ""
              },
              {
                "cidr": "54.182.128.0/20",
                "description": ""
              },
              {
                "cidr": "54.182.144.0/21",
                "description": ""
              },
              {
                "cidr": "54.182.154.0/23",
                "description": ""
              },
              {
                "cidr": "54.182.156.0/22",
                "description": ""
              },
              {
                "cidr": "54.182.160.0/21",
                "description": ""
              },
              {
                "cidr": "54.182.172.0/22",
                "description": ""
              },
              {
                "cidr": "54.182.176.0/21",
                "description": ""
              },
              {
                "cidr": "54.182.184.0/22",
                "description": ""
              },
              {
                "cidr": "54.182.188.0/23",
                "description": ""
              },
              {
                "cidr": "54.182.224.0/21",
                "description": ""
              },
              {
                "cidr": "54.182.240.0/21",
                "description": ""
              },
              {
                "cidr": "54.182.248.0/22",
                "description": ""
              },
              {
                "cidr": "54.239.134.0/23",
                "description": ""
              },
              {
                "cidr": "54.239.170.0/23",
                "description": ""
              },
              {
                "cidr": "54.239.204.0/22",
                "description": ""
              },
              {
                "cidr": "54.239.208.0/21",
                "description": ""
              },
              {
                "cidr": "64.252.128.0/18",
                "description": ""
              },
              {
                "cidr": "64.252.64.0/18",
                "description": ""
              },
              {
                "cidr": "70.132.0.0/18",
                "description": ""
              }
            ],
            "filter": null,
            "id": "pl-5da64334",
            "max_entries": 0,
            "name": "com.amazonaws.global.cloudfront.origin-facing",
            "owner_id": "AWS",
            "region": "sa-east-1",
            "tags": {},
            "timeouts": null,
            "version": 0
          },
          "sensitive_attributes": [],
          "identity_schema_version": 0
        }
      ]
    },
    {
      "mode": "data",
      "type": "aws_region",
      "name": "gru_region01",
      "provider": "provider[\"registry.terraform.io/hashicorp/aws\"]",
      "instances": [
        {
          "schema_version": 0,
          "attributes": {
            "description": "South America (Sao Paulo)",
            "endpoint": "ec2.sa-east-1.amazonaws.com",
            "id": "sa-east-1",
            "name": "sa-east-1",
            "region": "sa-east-1"
          },
          "sensitive_attributes": [],
          "identity_schema_version": 0
        }
      ]
    },
    {
      "mode": "data",
      "type": "terraform_remote_state",
      "name": "japan",
      "provider": "provider[\"terraform.io/builtin/terraform\"]",
      "instances": [
        {
          "schema_version": 0,
          "attributes": {
            "backend": "local",
            "config": {
              "value": {
                "path": "../japan/terraform.tfstate"
              },
              "type": [
                "object",
                {
                  "path": "string"
                }
              ]
            },
            "defaults": null,
            "outputs": {
              "value": {
                "current_growl_secret": "yx4fIvGVIWHvxSx9oaJESS9QB3EvkazV",
                "edo_acm_cert_arn": "arn:aws:acm:us-east-1:891377135193:certificate/2152826c-2efd-4bc2-8388-ce80f4e7b156",
                "edo_alb_dns_name": "edo-alb01-64526109.ap-northeast-1.elb.amazonaws.com",
                "edo_alb_logs_bucket_name": "edo-alb-logs-lh-891377135193",
                "edo_apex_url_https": "https://larrryharrisaws.com",
                "edo_app_fqdn": "app.larrryharrisaws.com",
                "edo_app_url_https": "https://app.larrryharrisaws.com",
                "edo_dashboard_name": "edo-dashboard01",
                "edo_ec2_instance_id": "i-07893c659f9cd2994",
                "edo_log_group_name": "/aws/ec2/edo-rds-app",
                "edo_private_ec2_instance_id_bonus": "i-07893c659f9cd2994",
                "edo_private_subnet_ids": [
                  "subnet-0cfdc7c71090c244d",
                  "subnet-08168d025c22213f5",
                  "subnet-08141a3c624b3dbea"
                ],
                "edo_public_subnet_ids": [
                  "subnet-0048df094497b054e",
                  "subnet-02205f870c70f9288",
                  "subnet-071bb09f495bb2bd6"
                ],
                "edo_rds_endpoint": "edo-rds01.c9akgwocs3g5.ap-northeast-1.rds.amazonaws.com",
                "edo_route53_zone_id": "Z0825167K1N04S2RCG6V",
                "edo_sns_topic_arn": "arn:aws:sns:ap-northeast-1:891377135193:edo-db-incidents",
                "edo_target_group_arn": "arn:aws:elasticloadbalancing:ap-northeast-1:891377135193:targetgroup/edo-tg01/05f60201a2cc9fc2",
                "edo_vpc_id": "vpc-001f81913f53f1175",
                "edo_vpce_logs_id": "vpce-043b55bcf1b0d8a0d",
                "edo_vpce_s3_id": "vpce-072ea78f74c4f1054",
                "edo_vpce_secrets_id": "vpce-0767db4a1196792e2",
                "edo_vpce_ssm_id": "vpce-09b36b8dc7303fd96",
                "edo_waf_arn": "arn:aws:wafv2:us-east-1:891377135193:global/webacl/edo-cf-waf01/b647d228-d007-455c-ad56-03ecfe8fbfdd",
                "edo_waf_cw_log_group_name": "aws-waf-logs-edo-webacl01",
                "edo_waf_log_destination": "cloudwatch"
              },
              "type": [
                "object",
                {
                  "current_growl_secret": "string",
                  "edo_acm_cert_arn": "string",
                  "edo_alb_dns_name": "string",
                  "edo_alb_logs_bucket_name": "string",
                  "edo_apex_url_https": "string",
                  "edo_app_fqdn": "string",
                  "edo_app_url_https": "string",
                  "edo_dashboard_name": "string",
                  "edo_ec2_instance_id": "string",
                  "edo_log_group_name": "string",
                  "edo_private_ec2_instance_id_bonus": "string",
                  "edo_private_subnet_ids": [
                    "tuple",
                    [
                      "string",
                      "string",
                      "string"
                    ]
                  ],
                  "edo_public_subnet_ids": [
                    "tuple",
                    [
                      "string",
                      "string",
                      "string"
                    ]
                  ],
                  "edo_rds_endpoint": "string",
                  "edo_route53_zone_id": "string",
                  "edo_sns_topic_arn": "string",
                  "edo_target_group_arn": "string",
                  "edo_vpc_id": "string",
                  "edo_vpce_logs_id": "string",
                  "edo_vpce_s3_id": "string",
                  "edo_vpce_secrets_id": "string",
                  "edo_vpce_ssm_id": "string",
                  "edo_waf_arn": "string",
                  "edo_waf_cw_log_group_name": "string",
                  "edo_waf_log_destination": "string"
                }
              ]
            },
            "workspace": null
          },
          "sensitive_attributes": [],
          "identity_schema_version": 0
        }
      ]
    },
    {
      "mode": "managed",
      "type": "aws_autoscaling_group",
      "name": "gru_asg",
      "provider": "provider[\"registry.terraform.io/hashicorp/aws\"]",
      "instances": [
        {
          "schema_version": 1,
          "attributes": {
            "arn": "arn:aws:autoscaling:sa-east-1:891377135193:autoScalingGroup:8c6ab444-3494-4224-9a86-0f87100dc8dc:autoScalingGroupName/gro-asg-20260127181438688400000006",
            "availability_zone_distribution": [
              {
                "capacity_distribution_strategy": "balanced-best-effort"
              }
            ],
            "availability_zones": [
              "sa-east-1a",
              "sa-east-1b"
            ],
            "capacity_rebalance": false,
            "capacity_reservation_specification": [
              {
                "capacity_reservation_preference": "default",
                "capacity_reservation_target": []
              }
            ],
            "context": "",
            "default_cooldown": 300,
            "default_instance_warmup": 0,
            "desired_capacity": 6,
            "desired_capacity_type": "",
            "enabled_metrics": [
              "GroupDesiredCapacity",
              "GroupInServiceInstances",
              "GroupMaxSize",
              "GroupMinSize",
              "GroupTotalInstances"
            ],
            "force_delete": true,
            "force_delete_warm_pool": false,
            "health_check_grace_period": 300,
            "health_check_type": "ELB",
            "id": "gro-asg-20260127181438688400000006",
            "ignore_failed_scaling_activities": false,
            "initial_lifecycle_hook": [
              {
                "default_result": "CONTINUE",
                "heartbeat_timeout": 300,
                "lifecycle_transition": "autoscaling:EC2_INSTANCE_LAUNCHING",
                "name": "instance-protection-launch",
                "notification_metadata": "",
                "notification_target_arn": "",
                "role_arn": ""
              },
              {
                "default_result": "CONTINUE",
                "heartbeat_timeout": 300,
                "lifecycle_transition": "autoscaling:EC2_INSTANCE_TERMINATING",
                "name": "scale-in-protection",
                "notification_metadata": "",
                "notification_target_arn": "",
                "role_arn": ""
              }
            ],
            "instance_maintenance_policy": [],
            "instance_refresh": [],
            "launch_configuration": "",
            "launch_template": [
              {
                "id": "lt-029804e59cc12cd24",
                "name": "gro-LT-20260127181431982600000003",
                "version": "$Latest"
              }
            ],
            "load_balancers": [],
            "max_instance_lifetime": 0,
            "max_size": 9,
            "metrics_granularity": "1Minute",
            "min_elb_capacity": null,
            "min_size": 3,
            "mixed_instances_policy": [],
            "name": "gro-asg-20260127181438688400000006",
            "name_prefix": "gro-asg-",
            "placement_group": "",
            "predicted_capacity": 0,
            "protect_from_scale_in": false,
            "region": "sa-east-1",
            "service_linked_role_arn": "arn:aws:iam::891377135193:role/aws-service-role/autoscaling.amazonaws.com/AWSServiceRoleForAutoScaling",
            "suspended_processes": null,
            "tag": [
              {
                "key": "Environment",
                "propagate_at_launch": true,
                "value": "Production"
              },
              {
                "key": "Name",
                "propagate_at_launch": true,
                "value": "gro-app-instance"
              },
              {
                "key": "Project",
                "propagate_at_launch": true,
                "value": "gro"
              }
            ],
            "target_group_arns": [
              "arn:aws:elasticloadbalancing:sa-east-1:891377135193:targetgroup/gro-tg01/cdc4b85c518d4fd4"
            ],
            "termination_policies": null,
            "timeouts": null,
            "traffic_source": [
              {
                "identifier": "arn:aws:elasticloadbalancing:sa-east-1:891377135193:targetgroup/gro-tg01/cdc4b85c518d4fd4",
                "type": "elbv2"
              }
            ],
            "vpc_zone_identifier": [
              "subnet-09ee0748f45cb1390",
              "subnet-0bb6a75cfb11186fb"
            ],
            "wait_for_capacity_timeout": "10m",
            "wait_for_elb_capacity": null,
            "warm_pool": [],
            "warm_pool_size": 0
          },
          "sensitive_attributes": [],
          "identity_schema_version": 0,
          "private": "eyJlMmJmYjczMC1lY2FhLTExZTYtOGY4OC0zNDM2M2JjN2M0YzAiOnsiZGVsZXRlIjo2MDAwMDAwMDAwMDAsInVwZGF0ZSI6NjAwMDAwMDAwMDAwfSwic2NoZW1hX3ZlcnNpb24iOiIxIn0=",
          "dependencies": [
            "aws_launch_template.gru_LT",
            "aws_lb_target_group.gru_tg01",
            "aws_security_group.gru_ec2_sg01",
            "aws_subnet.gru_private_subnets",
            "aws_vpc.gru_vpc01"
          ]
        }
      ]
    },
    {
      "mode": "managed",
      "type": "aws_autoscaling_policy",
      "name": "gru_cpu_target_policy",
      "provider": "provider[\"registry.terraform.io/hashicorp/aws\"]",
      "instances": [
        {
          "schema_version": 0,
          "attributes": {
            "adjustment_type": "",
            "arn": "arn:aws:autoscaling:sa-east-1:891377135193:scalingPolicy:48c79141-6cd5-41ff-9d98-ef1d05090a3e:autoScalingGroupName/gro-asg-20260127181438688400000006:policyName/gro-cpu-target",
            "autoscaling_group_name": "gro-asg-20260127181438688400000006",
            "cooldown": 0,
            "enabled": true,
            "estimated_instance_warmup": 120,
            "id": "gro-cpu-target",
            "metric_aggregation_type": "",
            "min_adjustment_magnitude": 0,
            "name": "gro-cpu-target",
            "policy_type": "TargetTrackingScaling",
            "predictive_scaling_configuration": [],
            "region": "sa-east-1",
            "scaling_adjustment": 0,
            "step_adjustment": [],
            "target_tracking_configuration": [
              {
                "customized_metric_specification": [],
                "disable_scale_in": false,
                "predefined_metric_specification": [
                  {
                    "predefined_metric_type": "ASGAverageCPUUtilization",
                    "resource_label": ""
                  }
                ],
                "target_value": 70
              }
            ]
          },
          "sensitive_attributes": [],
          "identity_schema_version": 0,
          "private": "bnVsbA==",
          "dependencies": [
            "aws_autoscaling_group.gru_asg",
            "aws_launch_template.gru_LT",
            "aws_lb_target_group.gru_tg01",
            "aws_security_group.gru_ec2_sg01",
            "aws_subnet.gru_private_subnets",
            "aws_vpc.gru_vpc01"
          ]
        }
      ]
    },
    {
      "mode": "managed",
      "type": "aws_cloudwatch_dashboard",
      "name": "gru_dashboard01",
      "provider": "provider[\"registry.terraform.io/hashicorp/aws\"]",
      "instances": [
        {
          "schema_version": 0,
          "attributes": {
            "dashboard_arn": "arn:aws:cloudwatch::891377135193:dashboard/gro-dashboard01",
            "dashboard_body": "{\"widgets\":[{\"height\":6,\"properties\":{\"metrics\":[[\"AWS/ApplicationELB\",\"RequestCount\",\"LoadBalancer\",\"app/gro-alb01/a79946ce37911b3a\"],[\".\",\"HTTPCode_ELB_5XX_Count\",\".\",\"app/gro-alb01/a79946ce37911b3a\"]],\"period\":300,\"region\":\"sa-east-1\",\"stat\":\"Sum\",\"title\":\"gro ALB: Requests + 5XX\"},\"type\":\"metric\",\"width\":12,\"x\":0,\"y\":0},{\"height\":6,\"properties\":{\"metrics\":[[\"AWS/ApplicationELB\",\"TargetResponseTime\",\"LoadBalancer\",\"app/gro-alb01/a79946ce37911b3a\"]],\"period\":300,\"region\":\"sa-east-1\",\"stat\":\"Average\",\"title\":\"gro ALB: Target Response Time\"},\"type\":\"metric\",\"width\":12,\"x\":12,\"y\":0}]}",
            "dashboard_name": "gro-dashboard01",
            "id": "gro-dashboard01",
            "region": "sa-east-1"
          },
          "sensitive_attributes": [],
          "identity_schema_version": 0,
          "private": "bnVsbA==",
          "dependencies": [
            "aws_lb.gru_alb01",
            "aws_s3_bucket.gru_alb_logs_bucket01",
            "aws_security_group.gru_alb_sg01",
            "aws_subnet.gru_public_subnets",
            "aws_vpc.gru_vpc01"
          ]
        }
      ]
    },
    {
      "mode": "managed",
      "type": "aws_cloudwatch_log_group",
      "name": "gru_log_group01",
      "provider": "provider[\"registry.terraform.io/hashicorp/aws\"]",
      "instances": [
        {
          "schema_version": 0,
          "attributes": {
            "arn": "arn:aws:logs:sa-east-1:891377135193:log-group:/aws/ec2/gro-rds-app",
            "deletion_protection_enabled": false,
            "id": "/aws/ec2/gro-rds-app",
            "kms_key_id": "",
            "log_group_class": "STANDARD",
            "name": "/aws/ec2/gro-rds-app",
            "name_prefix": "",
            "region": "sa-east-1",
            "retention_in_days": 7,
            "skip_destroy": false,
            "tags": {
              "Name": "gro-log-group01"
            },
            "tags_all": {
              "Name": "gro-log-group01"
            }
          },
          "sensitive_attributes": [],
          "identity_schema_version": 0,
          "identity": {
            "account_id": "891377135193",
            "name": "/aws/ec2/gro-rds-app",
            "region": "sa-east-1"
          },
          "private": "bnVsbA=="
        }
      ]
    },
    {
      "mode": "managed",
      "type": "aws_cloudwatch_metric_alarm",
      "name": "gru_alb_5xx_alarm01",
      "provider": "provider[\"registry.terraform.io/hashicorp/aws\"]",
      "instances": [
        {
          "schema_version": 1,
          "attributes": {
            "actions_enabled": true,
            "alarm_actions": [
              "arn:aws:sns:sa-east-1:891377135193:gro-db-incidents"
            ],
            "alarm_description": "",
            "alarm_name": "gro-alb-5xx-alarm01",
            "arn": "arn:aws:cloudwatch:sa-east-1:891377135193:alarm:gro-alb-5xx-alarm01",
            "comparison_operator": "GreaterThanOrEqualToThreshold",
            "datapoints_to_alarm": 0,
            "dimensions": {
              "LoadBalancer": "app/gro-alb01/a79946ce37911b3a"
            },
            "evaluate_low_sample_count_percentiles": "",
            "evaluation_periods": 1,
            "extended_statistic": "",
            "id": "gro-alb-5xx-alarm01",
            "insufficient_data_actions": null,
            "metric_name": "HTTPCode_ELB_5XX_Count",
            "metric_query": [],
            "namespace": "AWS/ApplicationELB",
            "ok_actions": null,
            "period": 300,
            "region": "sa-east-1",
            "statistic": "Sum",
            "tags": {
              "Name": "gro-alb-5xx-alarm01"
            },
            "tags_all": {
              "Name": "gro-alb-5xx-alarm01"
            },
            "threshold": 10,
            "threshold_metric_id": "",
            "treat_missing_data": "missing",
            "unit": ""
          },
          "sensitive_attributes": [],
          "identity_schema_version": 0,
          "identity": {
            "account_id": "891377135193",
            "alarm_name": "gro-alb-5xx-alarm01",
            "region": "sa-east-1"
          },
          "private": "eyJzY2hlbWFfdmVyc2lvbiI6IjEifQ==",
          "dependencies": [
            "aws_lb.gru_alb01",
            "aws_s3_bucket.gru_alb_logs_bucket01",
            "aws_security_group.gru_alb_sg01",
            "aws_sns_topic.gru_sns_topic01",
            "aws_subnet.gru_public_subnets",
            "aws_vpc.gru_vpc01"
          ]
        }
      ]
    },
    {
      "mode": "managed",
      "type": "aws_cloudwatch_metric_alarm",
      "name": "gru_db_alarm01",
      "provider": "provider[\"registry.terraform.io/hashicorp/aws\"]",
      "instances": [
        {
          "schema_version": 1,
          "attributes": {
            "actions_enabled": true,
            "alarm_actions": [
              "arn:aws:sns:sa-east-1:891377135193:gro-db-incidents"
            ],
            "alarm_description": "",
            "alarm_name": "gro-db-connection-failure",
            "arn": "arn:aws:cloudwatch:sa-east-1:891377135193:alarm:gro-db-connection-failure",
            "comparison_operator": "GreaterThanOrEqualToThreshold",
            "datapoints_to_alarm": 0,
            "dimensions": null,
            "evaluate_low_sample_count_percentiles": "",
            "evaluation_periods": 1,
            "extended_statistic": "",
            "id": "gro-db-connection-failure",
            "insufficient_data_actions": null,
            "metric_name": "DBConnectionErrors",
            "metric_query": [],
            "namespace": "gro/RDSApp",
            "ok_actions": null,
            "period": 300,
            "region": "sa-east-1",
            "statistic": "Sum",
            "tags": {
              "Name": "gro-alarm-db-fail"
            },
            "tags_all": {
              "Name": "gro-alarm-db-fail"
            },
            "threshold": 3,
            "threshold_metric_id": "",
            "treat_missing_data": "missing",
            "unit": ""
          },
          "sensitive_attributes": [],
          "identity_schema_version": 0,
          "identity": {
            "account_id": "891377135193",
            "alarm_name": "gro-db-connection-failure",
            "region": "sa-east-1"
          },
          "private": "eyJzY2hlbWFfdmVyc2lvbiI6IjEifQ==",
          "dependencies": [
            "aws_sns_topic.gru_sns_topic01"
          ]
        }
      ]
    },
    {
      "mode": "managed",
      "type": "aws_eip",
      "name": "gru_nat_eip01",
      "provider": "provider[\"registry.terraform.io/hashicorp/aws\"]",
      "instances": [
        {
          "schema_version": 0,
          "attributes": {
            "address": null,
            "allocation_id": "eipalloc-04b1aad41eb71762f",
            "arn": "arn:aws:ec2:sa-east-1:891377135193:elastic-ip/eipalloc-04b1aad41eb71762f",
            "associate_with_private_ip": null,
            "association_id": "",
            "carrier_ip": "",
            "customer_owned_ip": "",
            "customer_owned_ipv4_pool": "",
            "domain": "vpc",
            "id": "eipalloc-04b1aad41eb71762f",
            "instance": "",
            "ipam_pool_id": null,
            "network_border_group": "sa-east-1",
            "network_interface": "",
            "private_dns": null,
            "private_ip": "",
            "ptr_record": "",
            "public_dns": "ec2-18-229-97-70.sa-east-1.compute.amazonaws.com",
            "public_ip": "18.229.97.70",
            "public_ipv4_pool": "amazon",
            "region": "sa-east-1",
            "tags": {
              "Name": "gro-nat-eip01"
            },
            "tags_all": {
              "Name": "gro-nat-eip01"
            },
            "timeouts": null
          },
          "sensitive_attributes": [],
          "identity_schema_version": 0,
          "private": "eyJlMmJmYjczMC1lY2FhLTExZTYtOGY4OC0zNDM2M2JjN2M0YzAiOnsiZGVsZXRlIjoxODAwMDAwMDAwMDAsInJlYWQiOjkwMDAwMDAwMDAwMCwidXBkYXRlIjozMDAwMDAwMDAwMDB9fQ=="
        }
      ]
    },
    {
      "mode": "managed",
      "type": "aws_iam_instance_profile",
      "name": "gru_instance_profile01",
      "provider": "provider[\"registry.terraform.io/hashicorp/aws\"]",
      "instances": [
        {
          "schema_version": 0,
          "attributes": {
            "arn": "arn:aws:iam::891377135193:instance-profile/gro-instance-profile01",
            "create_date": "2026-01-27T18:14:16Z",
            "id": "gro-instance-profile01",
            "name": "gro-instance-profile01",
            "name_prefix": "",
            "path": "/",
            "role": "gro-ec2-role01",
            "tags": null,
            "tags_all": {},
            "unique_id": "AIPA47CRXVZMVLZKHKS5N"
          },
          "sensitive_attributes": [],
          "identity_schema_version": 0,
          "private": "bnVsbA==",
          "dependencies": [
            "aws_iam_role.gru_ec2_role01"
          ]
        }
      ]
    },
    {
      "mode": "managed",
      "type": "aws_iam_policy",
      "name": "gru_leastpriv_cwlogs01",
      "provider": "provider[\"registry.terraform.io/hashicorp/aws\"]",
      "instances": [
        {
          "schema_version": 0,
          "attributes": {
            "arn": "arn:aws:iam::891377135193:policy/gro-lp-cwlogs01",
            "attachment_count": 0,
            "delay_after_policy_creation_in_ms": null,
            "description": "Least-privilege CloudWatch Logs write for the app log group",
            "id": "arn:aws:iam::891377135193:policy/gro-lp-cwlogs01",
            "name": "gro-lp-cwlogs01",
            "name_prefix": "",
            "path": "/",
            "policy": "{\"Statement\":[{\"Action\":[\"logs:CreateLogStream\",\"logs:PutLogEvents\",\"logs:DescribeLogStreams\"],\"Effect\":\"Allow\",\"Resource\":[\"arn:aws:logs:sa-east-1:891377135193:log-group:/aws/ec2/gro-rds-app:*\"],\"Sid\":\"WriteLogs\"}],\"Version\":\"2012-10-17\"}",
            "policy_id": "ANPA47CRXVZM6XMLZ2FGC",
            "tags": null,
            "tags_all": {}
          },
          "sensitive_attributes": [],
          "identity_schema_version": 0,
          "identity": {
            "arn": "arn:aws:iam::891377135193:policy/gro-lp-cwlogs01"
          },
          "private": "bnVsbA==",
          "dependencies": [
            "aws_cloudwatch_log_group.gru_log_group01"
          ]
        }
      ]
    },
    {
      "mode": "managed",
      "type": "aws_iam_policy",
      "name": "gru_leastpriv_read_params01",
      "provider": "provider[\"registry.terraform.io/hashicorp/aws\"]",
      "instances": [
        {
          "schema_version": 0,
          "attributes": {
            "arn": "arn:aws:iam::891377135193:policy/gro-lp-ssm-read01",
            "attachment_count": 0,
            "delay_after_policy_creation_in_ms": null,
            "description": "Least-privilege read for SSM Parameter Store under /gro/db/*",
            "id": "arn:aws:iam::891377135193:policy/gro-lp-ssm-read01",
            "name": "gro-lp-ssm-read01",
            "name_prefix": "",
            "path": "/",
            "policy": "{\"Statement\":[{\"Action\":[\"ssm:GetParameter\",\"ssm:GetParameters\",\"ssm:GetParametersByPath\"],\"Effect\":\"Allow\",\"Resource\":[\"arn:aws:ssm:sa-east-1:891377135193:parameter/gro/db/*\"],\"Sid\":\"ReadLabDbParams\"}],\"Version\":\"2012-10-17\"}",
            "policy_id": "ANPA47CRXVZMU7HIOA2XY",
            "tags": null,
            "tags_all": {}
          },
          "sensitive_attributes": [],
          "identity_schema_version": 0,
          "identity": {
            "arn": "arn:aws:iam::891377135193:policy/gro-lp-ssm-read01"
          },
          "private": "bnVsbA==",
          "dependencies": [
            "data.aws_caller_identity.gru_self01",
            "data.aws_region.gru_region01"
          ]
        }
      ]
    },
    {
      "mode": "managed",
      "type": "aws_iam_policy",
      "name": "gru_leastpriv_read_secret01",
      "provider": "provider[\"registry.terraform.io/hashicorp/aws\"]",
      "instances": [
        {
          "schema_version": 0,
          "attributes": {
            "arn": "arn:aws:iam::891377135193:policy/gro-lp-secrets-read01",
            "attachment_count": 0,
            "delay_after_policy_creation_in_ms": null,
            "description": "Least-privilege read for the lab DB secret",
            "id": "arn:aws:iam::891377135193:policy/gro-lp-secrets-read01",
            "name": "gro-lp-secrets-read01",
            "name_prefix": "",
            "path": "/",
            "policy": "{\"Statement\":[{\"Action\":[\"secretsmanager:GetSecretValue\",\"secretsmanager:DescribeSecret\"],\"Effect\":\"Allow\",\"Resource\":\"arn:aws:secretsmanager:sa-east-1:891377135193:secret:gro/rds/mysql*\",\"Sid\":\"ReadOnlyLabSecret\"}],\"Version\":\"2012-10-17\"}",
            "policy_id": "ANPA47CRXVZMYIKBIBBMW",
            "tags": null,
            "tags_all": {}
          },
          "sensitive_attributes": [],
          "identity_schema_version": 0,
          "identity": {
            "arn": "arn:aws:iam::891377135193:policy/gro-lp-secrets-read01"
          },
          "private": "bnVsbA==",
          "dependencies": [
            "data.aws_caller_identity.gru_self01",
            "data.aws_region.gru_region01"
          ]
        }
      ]
    },
    {
      "mode": "managed",
      "type": "aws_iam_role",
      "name": "gru_ec2_role01",
      "provider": "provider[\"registry.terraform.io/hashicorp/aws\"]",
      "instances": [
        {
          "schema_version": 0,
          "attributes": {
            "arn": "arn:aws:iam::891377135193:role/gro-ec2-role01",
            "assume_role_policy": "{\"Statement\":[{\"Action\":\"sts:AssumeRole\",\"Effect\":\"Allow\",\"Principal\":{\"Service\":\"ec2.amazonaws.com\"}}],\"Version\":\"2012-10-17\"}",
            "create_date": "2026-01-27T18:14:15Z",
            "description": "",
            "force_detach_policies": false,
            "id": "gro-ec2-role01",
            "inline_policy": [],
            "managed_policy_arns": [],
            "max_session_duration": 3600,
            "name": "gro-ec2-role01",
            "name_prefix": "",
            "path": "/",
            "permissions_boundary": "",
            "tags": null,
            "tags_all": {},
            "unique_id": "AROA47CRXVZMZ3EEDPJAD"
          },
          "sensitive_attributes": [],
          "identity_schema_version": 0,
          "identity": {
            "account_id": "891377135193",
            "name": "gro-ec2-role01"
          },
          "private": "bnVsbA=="
        }
      ]
    },
    {
      "mode": "managed",
      "type": "aws_iam_role_policy",
      "name": "gru_ec2_secrets_access",
      "provider": "provider[\"registry.terraform.io/hashicorp/aws\"]",
      "instances": [
        {
          "schema_version": 0,
          "attributes": {
            "id": "gro-ec2-role01:secrets-manager-gru-rds",
            "name": "secrets-manager-gru-rds",
            "name_prefix": "",
            "policy": "{\"Version\":\"2012-10-17\",\"Statement\":[{\"Action\":[\"secretsmanager:GetSecretValue\"],\"Effect\":\"Allow\",\"Resource\":\"arn:aws:secretsmanager:us-east-1:891377135193:secret:bos/rds/mysql*\",\"Sid\":\"ReadSpecificSecret\"}]}",
            "role": "gro-ec2-role01"
          },
          "sensitive_attributes": [],
          "identity_schema_version": 0,
          "identity": {
            "account_id": "891377135193",
            "name": "secrets-manager-gru-rds",
            "role": "gro-ec2-role01"
          },
          "private": "bnVsbA==",
          "dependencies": [
            "aws_iam_role.gru_ec2_role01"
          ]
        }
      ]
    },
    {
      "mode": "managed",
      "type": "aws_iam_role_policy_attachment",
      "name": "gru_attach_lp_cwlogs01",
      "provider": "provider[\"registry.terraform.io/hashicorp/aws\"]",
      "instances": [
        {
          "schema_version": 0,
          "attributes": {
            "id": "gro-ec2-role01/arn:aws:iam::891377135193:policy/gro-lp-cwlogs01",
            "policy_arn": "arn:aws:iam::891377135193:policy/gro-lp-cwlogs01",
            "role": "gro-ec2-role01"
          },
          "sensitive_attributes": [],
          "identity_schema_version": 0,
          "identity": {
            "account_id": "891377135193",
            "policy_arn": "arn:aws:iam::891377135193:policy/gro-lp-cwlogs01",
            "role": "gro-ec2-role01"
          },
          "private": "bnVsbA==",
          "dependencies": [
            "aws_cloudwatch_log_group.gru_log_group01",
            "aws_iam_policy.gru_leastpriv_cwlogs01",
            "aws_iam_role.gru_ec2_role01"
          ]
        }
      ]
    },
    {
      "mode": "managed",
      "type": "aws_iam_role_policy_attachment",
      "name": "gru_attach_lp_params01",
      "provider": "provider[\"registry.terraform.io/hashicorp/aws\"]",
      "instances": [
        {
          "schema_version": 0,
          "attributes": {
            "id": "gro-ec2-role01/arn:aws:iam::891377135193:policy/gro-lp-ssm-read01",
            "policy_arn": "arn:aws:iam::891377135193:policy/gro-lp-ssm-read01",
            "role": "gro-ec2-role01"
          },
          "sensitive_attributes": [],
          "identity_schema_version": 0,
          "identity": {
            "account_id": "891377135193",
            "policy_arn": "arn:aws:iam::891377135193:policy/gro-lp-ssm-read01",
            "role": "gro-ec2-role01"
          },
          "private": "bnVsbA==",
          "dependencies": [
            "aws_iam_policy.gru_leastpriv_read_params01",
            "aws_iam_role.gru_ec2_role01",
            "data.aws_caller_identity.gru_self01",
            "data.aws_region.gru_region01"
          ]
        }
      ]
    },
    {
      "mode": "managed",
      "type": "aws_iam_role_policy_attachment",
      "name": "gru_attach_lp_secret01",
      "provider": "provider[\"registry.terraform.io/hashicorp/aws\"]",
      "instances": [
        {
          "schema_version": 0,
          "attributes": {
            "id": "gro-ec2-role01/arn:aws:iam::891377135193:policy/gro-lp-secrets-read01",
            "policy_arn": "arn:aws:iam::891377135193:policy/gro-lp-secrets-read01",
            "role": "gro-ec2-role01"
          },
          "sensitive_attributes": [],
          "identity_schema_version": 0,
          "identity": {
            "account_id": "891377135193",
            "policy_arn": "arn:aws:iam::891377135193:policy/gro-lp-secrets-read01",
            "role": "gro-ec2-role01"
          },
          "private": "bnVsbA==",
          "dependencies": [
            "aws_iam_policy.gru_leastpriv_read_secret01",
            "aws_iam_role.gru_ec2_role01",
            "data.aws_caller_identity.gru_self01",
            "data.aws_region.gru_region01"
          ]
        }
      ]
    },
    {
      "mode": "managed",
      "type": "aws_iam_role_policy_attachment",
      "name": "gru_ec2_cw_attach",
      "provider": "provider[\"registry.terraform.io/hashicorp/aws\"]",
      "instances": [
        {
          "schema_version": 0,
          "attributes": {
            "id": "gro-ec2-role01/arn:aws:iam::aws:policy/CloudWatchAgentServerPolicy",
            "policy_arn": "arn:aws:iam::aws:policy/CloudWatchAgentServerPolicy",
            "role": "gro-ec2-role01"
          },
          "sensitive_attributes": [],
          "identity_schema_version": 0,
          "identity": {
            "account_id": "891377135193",
            "policy_arn": "arn:aws:iam::aws:policy/CloudWatchAgentServerPolicy",
            "role": "gro-ec2-role01"
          },
          "private": "bnVsbA==",
          "dependencies": [
            "aws_iam_role.gru_ec2_role01"
          ]
        }
      ]
    },
    {
      "mode": "managed",
      "type": "aws_iam_role_policy_attachment",
      "name": "gru_ec2_ssm_attach",
      "provider": "provider[\"registry.terraform.io/hashicorp/aws\"]",
      "instances": [
        {
          "schema_version": 0,
          "attributes": {
            "id": "gro-ec2-role01/arn:aws:iam::aws:policy/AmazonSSMManagedInstanceCore",
            "policy_arn": "arn:aws:iam::aws:policy/AmazonSSMManagedInstanceCore",
            "role": "gro-ec2-role01"
          },
          "sensitive_attributes": [],
          "identity_schema_version": 0,
          "identity": {
            "account_id": "891377135193",
            "policy_arn": "arn:aws:iam::aws:policy/AmazonSSMManagedInstanceCore",
            "role": "gro-ec2-role01"
          },
          "private": "bnVsbA==",
          "dependencies": [
            "aws_iam_role.gru_ec2_role01"
          ]
        }
      ]
    },
    {
      "mode": "managed",
      "type": "aws_instance",
      "name": "gru_ec201_private_bonus",
      "provider": "provider[\"registry.terraform.io/hashicorp/aws\"]",
      "instances": [
        {
          "schema_version": 2,
          "attributes": {
            "ami": "ami-0f85876b1aff99dde",
            "arn": "arn:aws:ec2:sa-east-1:891377135193:instance/i-0318fd72968cb63d0",
            "associate_public_ip_address": false,
            "availability_zone": "sa-east-1a",
            "capacity_reservation_specification": [
              {
                "capacity_reservation_preference": "open",
                "capacity_reservation_target": []
              }
            ],
            "cpu_options": [
              {
                "amd_sev_snp": "",
                "core_count": 1,
                "threads_per_core": 2
              }
            ],
            "credit_specification": [
              {
                "cpu_credits": "unlimited"
              }
            ],
            "disable_api_stop": false,
            "disable_api_termination": false,
            "ebs_block_device": [],
            "ebs_optimized": false,
            "enable_primary_ipv6": null,
            "enclave_options": [
              {
                "enabled": false
              }
            ],
            "ephemeral_block_device": [],
            "force_destroy": false,
            "get_password_data": false,
            "hibernation": false,
            "host_id": "",
            "host_resource_group_arn": null,
            "iam_instance_profile": "gro-instance-profile01",
            "id": "i-0318fd72968cb63d0",
            "instance_initiated_shutdown_behavior": "stop",
            "instance_lifecycle": "",
            "instance_market_options": [],
            "instance_state": "running",
            "instance_type": "t3.micro",
            "ipv6_address_count": 0,
            "ipv6_addresses": [],
            "key_name": "",
            "launch_template": [],
            "maintenance_options": [
              {
                "auto_recovery": "default"
              }
            ],
            "metadata_options": [
              {
                "http_endpoint": "enabled",
                "http_protocol_ipv6": "disabled",
                "http_put_response_hop_limit": 2,
                "http_tokens": "required",
                "instance_metadata_tags": "disabled"
              }
            ],
            "monitoring": false,
            "network_interface": [],
            "outpost_arn": "",
            "password_data": "",
            "placement_group": "",
            "placement_group_id": "",
            "placement_partition_number": 0,
            "primary_network_interface": [
              {
                "delete_on_termination": true,
                "network_interface_id": "eni-00fbd173cb15df862"
              }
            ],
            "primary_network_interface_id": "eni-00fbd173cb15df862",
            "private_dns": "ip-10-55-101-22.sa-east-1.compute.internal",
            "private_dns_name_options": [
              {
                "enable_resource_name_dns_a_record": false,
                "enable_resource_name_dns_aaaa_record": false,
                "hostname_type": "ip-name"
              }
            ],
            "private_ip": "10.55.101.22",
            "public_dns": "",
            "public_ip": "",
            "region": "sa-east-1",
            "root_block_device": [
              {
                "delete_on_termination": true,
                "device_name": "/dev/xvda",
                "encrypted": false,
                "iops": 3000,
                "kms_key_id": "",
                "tags": {},
                "tags_all": {},
                "throughput": 125,
                "volume_id": "vol-0eb9c9751c2862b9f",
                "volume_size": 8,
                "volume_type": "gp3"
              }
            ],
            "secondary_private_ips": [],
            "security_groups": [],
            "source_dest_check": true,
            "spot_instance_request_id": "",
            "subnet_id": "subnet-0bb6a75cfb11186fb",
            "tags": {
              "Name": "gro-ec201-private"
            },
            "tags_all": {
              "Name": "gro-ec201-private"
            },
            "tenancy": "default",
            "timeouts": null,
            "user_data": "#!/bin/bash\ncloud-init clean\ndnf update -y\ndnf install -y python3-pip\ndnf install -y mariadb105\npip3 install flask pymysql boto3\n# Create project directories and static test file early\nmkdir -p /opt/rdsapp/static\necho \"This is a test static file for caching proof.\" \u003e /opt/rdsapp/static/example.txt\nchmod 644 /opt/rdsapp/static/example.txt\nchown -R ec2-user:ec2-user /opt/rdsapp # Make sure Flask can read/write logs/static\nmkdir -p /opt/rdsapp\ncat \u003e/opt/rdsapp/app.py \u003c\u003c'PY'\nimport json\nimport os\nimport boto3\nimport pymysql\nimport logging\nimport datetime\nfrom flask import Flask, request, jsonify\n# Setup logging\nlogging.basicConfig(\n    filename='/opt/rdsapp/app.log',\n    level=logging.INFO,\n    format='%(asctime)s %(levelname)s %(name)s %(threadName)s : %(message)s'\n)\nlogger = logging.getLogger(__name__)\nREGION = os.environ.get(\"AWS_REGION\", \"us-east-1\")\nSECRET_ID = os.environ.get(\"SECRET_ID\", \"bos/rds/mysql\")\nsecrets = boto3.client(\"secretsmanager\", region_name=REGION)\ndef get_db_creds():\n    try:\n        resp = secrets.get_secret_value(SecretId=SECRET_ID)\n        s = json.loads(resp[\"SecretString\"])\n        return s\n    except Exception as e:\n        logger.error(f\"Failed to retrieve secret {SECRET_ID}: {str(e)}\")\n        raise\ndef get_conn():\n    c = get_db_creds()\n    host = c[\"host\"]\n    user = c[\"username\"]\n    password = c[\"password\"]\n    port = int(c.get(\"port\", 3306))\n    db = c.get(\"dbname\", \"labdb\")\n    try:\n        return pymysql.connect(host=host, user=user, password=password, port=port, database=db, autocommit=True)\n    except Exception as e:\n        logger.error(f\"DB connection failed: {str(e)}\")\n        raise\napp = Flask(__name__)\n@app.route(\"/\")\ndef home():\n    logger.info(\"Accessed home page\")\n    return \"\"\"\n    \u003ch2\u003eEC2 -\u003e RDS Notes App\u003c/h2\u003e\n    \u003cp\u003ePOST /add?note=hello\u003c/p\u003e\n    \u003cp\u003eGET /list\u003c/p\u003e\n    \u003cp\u003eGET /api/list (JSON version)\u003c/p\u003e\n    \"\"\"\n@app.route(\"/init\")\ndef init_db():\n    logger.info(\"Initializing database\")\n    c = get_db_creds()\n    host = c[\"host\"]\n    user = c[\"username\"]\n    password = c[\"password\"]\n    port = int(c.get(\"port\", 3306))\n    try:\n        conn = pymysql.connect(host=host, user=user, password=password, port=port, autocommit=True)\n        cur = conn.cursor()\n        cur.execute(\"CREATE DATABASE IF NOT EXISTS labdb;\")\n        cur.execute(\"USE labdb;\")\n        cur.execute(\"\"\"\n            CREATE TABLE IF NOT EXISTS notes (\n                id INT AUTO_INCREMENT PRIMARY KEY,\n                note VARCHAR(255) NOT NULL\n            );\n        \"\"\")\n        cur.close()\n        conn.close()\n        logger.info(\"Database and table initialized successfully\")\n        return \"Initialized labdb + notes table.\"\n    except Exception as e:\n        logger.error(f\"DB init failed: {str(e)}\")\n        return f\"Initialization failed: {str(e)}\", 500\n@app.route(\"/add\", methods=[\"POST\", \"GET\"])\ndef add_note():\n    note = request.args.get(\"note\", \"\").strip()\n    if not note:\n        logger.warning(\"Add note requested without 'note' parameter\")\n        return \"Missing note param. Try: /add?note=hello\", 400\n    try:\n        conn = get_conn()\n        cur = conn.cursor()\n        cur.execute(\"INSERT INTO notes(note) VALUES(%s);\", (note,))\n        cur.close()\n        conn.close()\n        logger.info(f\"Inserted note: {note}\")\n        return f\"Inserted note: {note}\"\n    except Exception as e:\n        logger.error(f\"Add note failed: {str(e)}\")\n        return f\"Insert failed: {str(e)}\", 500\n@app.route(\"/list\")\ndef list_notes():\n    logger.info(\"Listing notes\")\n    try:\n        conn = get_conn()\n        cur = conn.cursor()\n        cur.execute(\"SELECT id, note FROM notes ORDER BY id DESC;\")\n        rows = cur.fetchall()\n        cur.close()\n        conn.close()\n        out = \"\u003ch3\u003eNotes\u003c/h3\u003e\u003cul\u003e\"\n        for r in rows:\n            out += f\"\u003cli\u003e{r[0]}: {r[1]}\u003c/li\u003e\"\n        out += \"\u003c/ul\u003e\"\n        if not rows:\n            out = \"No notes yet.\"\n            logger.info(\"No notes found\")\n        else:\n            logger.info(f\"Retrieved {len(rows)} notes\")\n        return out\n    except Exception as e:\n        logger.error(f\"List notes failed: {str(e)}\")\n        return f\"Cannot list notes: {str(e)}\", 500\n# New JSON API endpoint for /api/list\n@app.route(\"/api/list\")\ndef api_list():\n    logger.info(\"API /api/list accessed\")\n    try:\n        conn = get_conn()\n        cur = conn.cursor()\n        cur.execute(\"SELECT id, note FROM notes ORDER BY id DESC;\")\n        rows = cur.fetchall()\n        cur.close()\n        conn.close()\n        return jsonify([{\"id\": r[0], \"note\": r[1]} for r in rows])\n    except Exception as e:\n        logger.error(f\"API list failed: {str(e)}\")\n        return jsonify({\"error\": str(e)}), 500\n@app.route('/api/public-feed')\ndef public_feed():\n    now = datetime.datetime.utcnow().isoformat() + 'Z'\n    minute = datetime.datetime.utcnow().minute\n    message = f\"Message of the minute: {minute:02d} - Fresh from origin at request time!\"\n    data = {\n        \"server_time_utc\": now,\n        \"message_of_the_minute\": message,\n        \"note\": \"This should be cached by CloudFront for 30 seconds (s-maxage=30)\"\n    }\n    response = jsonify(data)\n    response.headers['Cache-Control'] = 'public, s-maxage=30, max-age=0'\n    logger.info(f\"Public feed served: {now}\")\n    return response\n@app.route('/api/private-feed')\ndef private_feed():\n    now = datetime.datetime.utcnow().isoformat() + 'Z'\n    data = {\n        \"server_time_utc\": now,\n        \"message\": \"Always fresh - never cached\"\n    }\n    response = jsonify(data)\n    logger.info(f\"Private feed served: {now}\")\n    return response\n# Define private paths that should NEVER be cached\nPRIVATE_PATHS = {\n    '/api/list',\n    '/list',\n    '/add',\n    '/api/private-feed',\n}\n@app.after_request\ndef add_no_cache_headers(response):\n    if request.path in PRIVATE_PATHS:\n        response.headers['Cache-Control'] = 'private, no-store'\n        response.headers['Pragma'] = 'no-cache'\n        response.headers['Expires'] = '0'\n    return response\nif __name__ == \"__main__\":\n    logger.info(\"Starting Flask app\")\n    app.run(host=\"0.0.0.0\", port=80)\nPY\ncat \u003e/etc/systemd/system/rdsapp.service \u003c\u003c'SERVICE'\n[Unit]\nDescription=EC2 to RDS Notes App\nAfter=network.target\n[Service]\nWorkingDirectory=/opt/rdsapp\nEnvironment=SECRET_ID=bos/rds/mysql\nExecStart=/usr/bin/python3 /opt/rdsapp/app.py\nRestart=always\n[Install]\nWantedBy=multi-user.target\nSERVICE\nsystemctl daemon-reload\nsystemctl enable rdsapp\nsystemctl start rdsapp\n=== ADD CLOUDWATCH AGENT BELOW THIS LINE ===\n# Install unified CloudWatch Agent\nwget https://s3.amazonaws.com/amazoncloudwatch-agent-us-east-1/amazon_linux/amd64/latest/amazon-cloudwatch-agent.rpm\nrpm -U ./amazon-cloudwatch-agent.rpm\n# Create config directory if needed\nmkdir -p /opt/aws/amazon-cloudwatch-agent/bin\ncat \u003e/opt/aws/amazon-cloudwatch-agent/bin/config.json \u003c\u003c'EOF'\n{\n  \"agent\": {\n    \"run_as_user\": \"cwagent\"\n  },\n  \"logs\": {\n    \"logs_collected\": {\n      \"files\": {\n        \"collect_list\": [\n          {\n            \"file_path\": \"/opt/rdsapp/*.log\",\n            \"log_group_name\": \"/aws/ec2/bos-rds-app\",\n            \"log_stream_name\": \"{instance_id}\"\n          }\n        ]\n      }\n    }\n  }\n}\nEOF\n# Start the agent\n/opt/aws/amazon-cloudwatch-agent/bin/amazon-cloudwatch-agent-ctl \\\n-a fetch-config -m ec2 \\\n-c file:/opt/aws/amazon-cloudwatch-agent/bin/config.json -s\n# Test log\nlogger \"RDS App and CloudWatch Agent started successfully $(date)\"",
            "user_data_base64": null,
            "user_data_replace_on_change": false,
            "volume_tags": null,
            "vpc_security_group_ids": [
              "sg-0db0115d3946dff88"
            ]
          },
          "sensitive_attributes": [],
          "identity_schema_version": 0,
          "identity": {
            "account_id": "891377135193",
            "id": "i-0318fd72968cb63d0",
            "region": "sa-east-1"
          },
          "private": "eyJlMmJmYjczMC1lY2FhLTExZTYtOGY4OC0zNDM2M2JjN2M0YzAiOnsiY3JlYXRlIjo2MDAwMDAwMDAwMDAsImRlbGV0ZSI6MTIwMDAwMDAwMDAwMCwicmVhZCI6OTAwMDAwMDAwMDAwLCJ1cGRhdGUiOjYwMDAwMDAwMDAwMH0sInNjaGVtYV92ZXJzaW9uIjoiMiJ9",
          "dependencies": [
            "aws_iam_instance_profile.gru_instance_profile01",
            "aws_iam_role.gru_ec2_role01",
            "aws_security_group.gru_ec2_sg01",
            "aws_subnet.gru_private_subnets",
            "aws_vpc.gru_vpc01"
          ]
        }
      ]
    },
    {
      "mode": "managed",
      "type": "aws_internet_gateway",
      "name": "gru_igw01",
      "provider": "provider[\"registry.terraform.io/hashicorp/aws\"]",
      "instances": [
        {
          "schema_version": 0,
          "attributes": {
            "arn": "arn:aws:ec2:sa-east-1:891377135193:internet-gateway/igw-054ebbe58fdcd52c3",
            "id": "igw-054ebbe58fdcd52c3",
            "owner_id": "891377135193",
            "region": "sa-east-1",
            "tags": {
              "Name": "gro-igw01"
            },
            "tags_all": {
              "Name": "gro-igw01"
            },
            "timeouts": null,
            "vpc_id": "vpc-0df2da2929960c7e0"
          },
          "sensitive_attributes": [],
          "identity_schema_version": 0,
          "private": "eyJlMmJmYjczMC1lY2FhLTExZTYtOGY4OC0zNDM2M2JjN2M0YzAiOnsiY3JlYXRlIjoxMjAwMDAwMDAwMDAwLCJkZWxldGUiOjEyMDAwMDAwMDAwMDAsInVwZGF0ZSI6MTIwMDAwMDAwMDAwMH19",
          "dependencies": [
            "aws_vpc.gru_vpc01"
          ]
        }
      ]
    },
    {
      "mode": "managed",
      "type": "aws_launch_template",
      "name": "gru_LT",
      "provider": "provider[\"registry.terraform.io/hashicorp/aws\"]",
      "instances": [
        {
          "schema_version": 1,
          "attributes": {
            "arn": "arn:aws:ec2:sa-east-1:891377135193:launch-template/lt-029804e59cc12cd24",
            "block_device_mappings": [],
            "capacity_reservation_specification": [],
            "cpu_options": [],
            "credit_specification": [],
            "default_version": 1,
            "description": "",
            "disable_api_stop": false,
            "disable_api_termination": false,
            "ebs_optimized": "",
            "enclave_options": [],
            "hibernation_options": [],
            "iam_instance_profile": [],
            "id": "lt-029804e59cc12cd24",
            "image_id": "ami-0f85876b1aff99dde",
            "instance_initiated_shutdown_behavior": "",
            "instance_market_options": [],
            "instance_requirements": [],
            "instance_type": "t3.micro",
            "kernel_id": "",
            "key_name": "",
            "latest_version": 1,
            "license_specification": [],
            "maintenance_options": [],
            "metadata_options": [],
            "monitoring": [],
            "name": "gro-LT-20260127181431982600000003",
            "name_prefix": "gro-LT-",
            "network_interfaces": [],
            "placement": [],
            "private_dns_name_options": [],
            "ram_disk_id": "",
            "region": "sa-east-1",
            "security_group_names": null,
            "tag_specifications": [
              {
                "resource_type": "instance",
                "tags": {
                  "Name": "gro-instance",
                  "Owner": "Terraform",
                  "Project": "gro",
                  "Service": "web-app"
                }
              }
            ],
            "tags": null,
            "tags_all": {},
            "update_default_version": null,
            "user_data": "IyEvYmluL2Jhc2gKY2xvdWQtaW5pdCBjbGVhbgpkbmYgdXBkYXRlIC15CmRuZiBpbnN0YWxsIC15IHB5dGhvbjMtcGlwCmRuZiBpbnN0YWxsIC15IG1hcmlhZGIxMDUKcGlwMyBpbnN0YWxsIGZsYXNrIHB5bXlzcWwgYm90bzMKIyBDcmVhdGUgcHJvamVjdCBkaXJlY3RvcmllcyBhbmQgc3RhdGljIHRlc3QgZmlsZSBlYXJseQpta2RpciAtcCAvb3B0L3Jkc2FwcC9zdGF0aWMKZWNobyAiVGhpcyBpcyBhIHRlc3Qgc3RhdGljIGZpbGUgZm9yIGNhY2hpbmcgcHJvb2YuIiA+IC9vcHQvcmRzYXBwL3N0YXRpYy9leGFtcGxlLnR4dApjaG1vZCA2NDQgL29wdC9yZHNhcHAvc3RhdGljL2V4YW1wbGUudHh0CmNob3duIC1SIGVjMi11c2VyOmVjMi11c2VyIC9vcHQvcmRzYXBwICMgTWFrZSBzdXJlIEZsYXNrIGNhbiByZWFkL3dyaXRlIGxvZ3Mvc3RhdGljCm1rZGlyIC1wIC9vcHQvcmRzYXBwCmNhdCA+L29wdC9yZHNhcHAvYXBwLnB5IDw8J1BZJwppbXBvcnQganNvbgppbXBvcnQgb3MKaW1wb3J0IGJvdG8zCmltcG9ydCBweW15c3FsCmltcG9ydCBsb2dnaW5nCmltcG9ydCBkYXRldGltZQpmcm9tIGZsYXNrIGltcG9ydCBGbGFzaywgcmVxdWVzdCwganNvbmlmeQojIFNldHVwIGxvZ2dpbmcKbG9nZ2luZy5iYXNpY0NvbmZpZygKICAgIGZpbGVuYW1lPScvb3B0L3Jkc2FwcC9hcHAubG9nJywKICAgIGxldmVsPWxvZ2dpbmcuSU5GTywKICAgIGZvcm1hdD0nJShhc2N0aW1lKXMgJShsZXZlbG5hbWUpcyAlKG5hbWUpcyAlKHRocmVhZE5hbWUpcyA6ICUobWVzc2FnZSlzJwopCmxvZ2dlciA9IGxvZ2dpbmcuZ2V0TG9nZ2VyKF9fbmFtZV9fKQpSRUdJT04gPSBvcy5lbnZpcm9uLmdldCgiQVdTX1JFR0lPTiIsICJ1cy1lYXN0LTEiKQpTRUNSRVRfSUQgPSBvcy5lbnZpcm9uLmdldCgiU0VDUkVUX0lEIiwgImJvcy9yZHMvbXlzcWwiKQpzZWNyZXRzID0gYm90bzMuY2xpZW50KCJzZWNyZXRzbWFuYWdlciIsIHJlZ2lvbl9uYW1lPVJFR0lPTikKZGVmIGdldF9kYl9jcmVkcygpOgogICAgdHJ5OgogICAgICAgIHJlc3AgPSBzZWNyZXRzLmdldF9zZWNyZXRfdmFsdWUoU2VjcmV0SWQ9U0VDUkVUX0lEKQogICAgICAgIHMgPSBqc29uLmxvYWRzKHJlc3BbIlNlY3JldFN0cmluZyJdKQogICAgICAgIHJldHVybiBzCiAgICBleGNlcHQgRXhjZXB0aW9uIGFzIGU6CiAgICAgICAgbG9nZ2VyLmVycm9yKGYiRmFpbGVkIHRvIHJldHJpZXZlIHNlY3JldCB7U0VDUkVUX0lEfToge3N0cihlKX0iKQogICAgICAgIHJhaXNlCmRlZiBnZXRfY29ubigpOgogICAgYyA9IGdldF9kYl9jcmVkcygpCiAgICBob3N0ID0gY1siaG9zdCJdCiAgICB1c2VyID0gY1sidXNlcm5hbWUiXQogICAgcGFzc3dvcmQgPSBjWyJwYXNzd29yZCJdCiAgICBwb3J0ID0gaW50KGMuZ2V0KCJwb3J0IiwgMzMwNikpCiAgICBkYiA9IGMuZ2V0KCJkYm5hbWUiLCAibGFiZGIiKQogICAgdHJ5OgogICAgICAgIHJldHVybiBweW15c3FsLmNvbm5lY3QoaG9zdD1ob3N0LCB1c2VyPXVzZXIsIHBhc3N3b3JkPXBhc3N3b3JkLCBwb3J0PXBvcnQsIGRhdGFiYXNlPWRiLCBhdXRvY29tbWl0PVRydWUpCiAgICBleGNlcHQgRXhjZXB0aW9uIGFzIGU6CiAgICAgICAgbG9nZ2VyLmVycm9yKGYiREIgY29ubmVjdGlvbiBmYWlsZWQ6IHtzdHIoZSl9IikKICAgICAgICByYWlzZQphcHAgPSBGbGFzayhfX25hbWVfXykKQGFwcC5yb3V0ZSgiLyIpCmRlZiBob21lKCk6CiAgICBsb2dnZXIuaW5mbygiQWNjZXNzZWQgaG9tZSBwYWdlIikKICAgIHJldHVybiAiIiIKICAgIDxoMj5FQzIgLT4gUkRTIE5vdGVzIEFwcDwvaDI+CiAgICA8cD5QT1NUIC9hZGQ/bm90ZT1oZWxsbzwvcD4KICAgIDxwPkdFVCAvbGlzdDwvcD4KICAgIDxwPkdFVCAvYXBpL2xpc3QgKEpTT04gdmVyc2lvbik8L3A+CiAgICAiIiIKQGFwcC5yb3V0ZSgiL2luaXQiKQpkZWYgaW5pdF9kYigpOgogICAgbG9nZ2VyLmluZm8oIkluaXRpYWxpemluZyBkYXRhYmFzZSIpCiAgICBjID0gZ2V0X2RiX2NyZWRzKCkKICAgIGhvc3QgPSBjWyJob3N0Il0KICAgIHVzZXIgPSBjWyJ1c2VybmFtZSJdCiAgICBwYXNzd29yZCA9IGNbInBhc3N3b3JkIl0KICAgIHBvcnQgPSBpbnQoYy5nZXQoInBvcnQiLCAzMzA2KSkKICAgIHRyeToKICAgICAgICBjb25uID0gcHlteXNxbC5jb25uZWN0KGhvc3Q9aG9zdCwgdXNlcj11c2VyLCBwYXNzd29yZD1wYXNzd29yZCwgcG9ydD1wb3J0LCBhdXRvY29tbWl0PVRydWUpCiAgICAgICAgY3VyID0gY29ubi5jdXJzb3IoKQogICAgICAgIGN1ci5leGVjdXRlKCJDUkVBVEUgREFUQUJBU0UgSUYgTk9UIEVYSVNUUyBsYWJkYjsiKQogICAgICAgIGN1ci5leGVjdXRlKCJVU0UgbGFiZGI7IikKICAgICAgICBjdXIuZXhlY3V0ZSgiIiIKICAgICAgICAgICAgQ1JFQVRFIFRBQkxFIElGIE5PVCBFWElTVFMgbm90ZXMgKAogICAgICAgICAgICAgICAgaWQgSU5UIEFVVE9fSU5DUkVNRU5UIFBSSU1BUlkgS0VZLAogICAgICAgICAgICAgICAgbm90ZSBWQVJDSEFSKDI1NSkgTk9UIE5VTEwKICAgICAgICAgICAgKTsKICAgICAgICAiIiIpCiAgICAgICAgY3VyLmNsb3NlKCkKICAgICAgICBjb25uLmNsb3NlKCkKICAgICAgICBsb2dnZXIuaW5mbygiRGF0YWJhc2UgYW5kIHRhYmxlIGluaXRpYWxpemVkIHN1Y2Nlc3NmdWxseSIpCiAgICAgICAgcmV0dXJuICJJbml0aWFsaXplZCBsYWJkYiArIG5vdGVzIHRhYmxlLiIKICAgIGV4Y2VwdCBFeGNlcHRpb24gYXMgZToKICAgICAgICBsb2dnZXIuZXJyb3IoZiJEQiBpbml0IGZhaWxlZDoge3N0cihlKX0iKQogICAgICAgIHJldHVybiBmIkluaXRpYWxpemF0aW9uIGZhaWxlZDoge3N0cihlKX0iLCA1MDAKQGFwcC5yb3V0ZSgiL2FkZCIsIG1ldGhvZHM9WyJQT1NUIiwgIkdFVCJdKQpkZWYgYWRkX25vdGUoKToKICAgIG5vdGUgPSByZXF1ZXN0LmFyZ3MuZ2V0KCJub3RlIiwgIiIpLnN0cmlwKCkKICAgIGlmIG5vdCBub3RlOgogICAgICAgIGxvZ2dlci53YXJuaW5nKCJBZGQgbm90ZSByZXF1ZXN0ZWQgd2l0aG91dCAnbm90ZScgcGFyYW1ldGVyIikKICAgICAgICByZXR1cm4gIk1pc3Npbmcgbm90ZSBwYXJhbS4gVHJ5OiAvYWRkP25vdGU9aGVsbG8iLCA0MDAKICAgIHRyeToKICAgICAgICBjb25uID0gZ2V0X2Nvbm4oKQogICAgICAgIGN1ciA9IGNvbm4uY3Vyc29yKCkKICAgICAgICBjdXIuZXhlY3V0ZSgiSU5TRVJUIElOVE8gbm90ZXMobm90ZSkgVkFMVUVTKCVzKTsiLCAobm90ZSwpKQogICAgICAgIGN1ci5jbG9zZSgpCiAgICAgICAgY29ubi5jbG9zZSgpCiAgICAgICAgbG9nZ2VyLmluZm8oZiJJbnNlcnRlZCBub3RlOiB7bm90ZX0iKQogICAgICAgIHJldHVybiBmIkluc2VydGVkIG5vdGU6IHtub3RlfSIKICAgIGV4Y2VwdCBFeGNlcHRpb24gYXMgZToKICAgICAgICBsb2dnZXIuZXJyb3IoZiJBZGQgbm90ZSBmYWlsZWQ6IHtzdHIoZSl9IikKICAgICAgICByZXR1cm4gZiJJbnNlcnQgZmFpbGVkOiB7c3RyKGUpfSIsIDUwMApAYXBwLnJvdXRlKCIvbGlzdCIpCmRlZiBsaXN0X25vdGVzKCk6CiAgICBsb2dnZXIuaW5mbygiTGlzdGluZyBub3RlcyIpCiAgICB0cnk6CiAgICAgICAgY29ubiA9IGdldF9jb25uKCkKICAgICAgICBjdXIgPSBjb25uLmN1cnNvcigpCiAgICAgICAgY3VyLmV4ZWN1dGUoIlNFTEVDVCBpZCwgbm90ZSBGUk9NIG5vdGVzIE9SREVSIEJZIGlkIERFU0M7IikKICAgICAgICByb3dzID0gY3VyLmZldGNoYWxsKCkKICAgICAgICBjdXIuY2xvc2UoKQogICAgICAgIGNvbm4uY2xvc2UoKQogICAgICAgIG91dCA9ICI8aDM+Tm90ZXM8L2gzPjx1bD4iCiAgICAgICAgZm9yIHIgaW4gcm93czoKICAgICAgICAgICAgb3V0ICs9IGYiPGxpPntyWzBdfToge3JbMV19PC9saT4iCiAgICAgICAgb3V0ICs9ICI8L3VsPiIKICAgICAgICBpZiBub3Qgcm93czoKICAgICAgICAgICAgb3V0ID0gIk5vIG5vdGVzIHlldC4iCiAgICAgICAgICAgIGxvZ2dlci5pbmZvKCJObyBub3RlcyBmb3VuZCIpCiAgICAgICAgZWxzZToKICAgICAgICAgICAgbG9nZ2VyLmluZm8oZiJSZXRyaWV2ZWQge2xlbihyb3dzKX0gbm90ZXMiKQogICAgICAgIHJldHVybiBvdXQKICAgIGV4Y2VwdCBFeGNlcHRpb24gYXMgZToKICAgICAgICBsb2dnZXIuZXJyb3IoZiJMaXN0IG5vdGVzIGZhaWxlZDoge3N0cihlKX0iKQogICAgICAgIHJldHVybiBmIkNhbm5vdCBsaXN0IG5vdGVzOiB7c3RyKGUpfSIsIDUwMAojIE5ldyBKU09OIEFQSSBlbmRwb2ludCBmb3IgL2FwaS9saXN0CkBhcHAucm91dGUoIi9hcGkvbGlzdCIpCmRlZiBhcGlfbGlzdCgpOgogICAgbG9nZ2VyLmluZm8oIkFQSSAvYXBpL2xpc3QgYWNjZXNzZWQiKQogICAgdHJ5OgogICAgICAgIGNvbm4gPSBnZXRfY29ubigpCiAgICAgICAgY3VyID0gY29ubi5jdXJzb3IoKQogICAgICAgIGN1ci5leGVjdXRlKCJTRUxFQ1QgaWQsIG5vdGUgRlJPTSBub3RlcyBPUkRFUiBCWSBpZCBERVNDOyIpCiAgICAgICAgcm93cyA9IGN1ci5mZXRjaGFsbCgpCiAgICAgICAgY3VyLmNsb3NlKCkKICAgICAgICBjb25uLmNsb3NlKCkKICAgICAgICByZXR1cm4ganNvbmlmeShbeyJpZCI6IHJbMF0sICJub3RlIjogclsxXX0gZm9yIHIgaW4gcm93c10pCiAgICBleGNlcHQgRXhjZXB0aW9uIGFzIGU6CiAgICAgICAgbG9nZ2VyLmVycm9yKGYiQVBJIGxpc3QgZmFpbGVkOiB7c3RyKGUpfSIpCiAgICAgICAgcmV0dXJuIGpzb25pZnkoeyJlcnJvciI6IHN0cihlKX0pLCA1MDAKQGFwcC5yb3V0ZSgnL2FwaS9wdWJsaWMtZmVlZCcpCmRlZiBwdWJsaWNfZmVlZCgpOgogICAgbm93ID0gZGF0ZXRpbWUuZGF0ZXRpbWUudXRjbm93KCkuaXNvZm9ybWF0KCkgKyAnWicKICAgIG1pbnV0ZSA9IGRhdGV0aW1lLmRhdGV0aW1lLnV0Y25vdygpLm1pbnV0ZQogICAgbWVzc2FnZSA9IGYiTWVzc2FnZSBvZiB0aGUgbWludXRlOiB7bWludXRlOjAyZH0gLSBGcmVzaCBmcm9tIG9yaWdpbiBhdCByZXF1ZXN0IHRpbWUhIgogICAgZGF0YSA9IHsKICAgICAgICAic2VydmVyX3RpbWVfdXRjIjogbm93LAogICAgICAgICJtZXNzYWdlX29mX3RoZV9taW51dGUiOiBtZXNzYWdlLAogICAgICAgICJub3RlIjogIlRoaXMgc2hvdWxkIGJlIGNhY2hlZCBieSBDbG91ZEZyb250IGZvciAzMCBzZWNvbmRzIChzLW1heGFnZT0zMCkiCiAgICB9CiAgICByZXNwb25zZSA9IGpzb25pZnkoZGF0YSkKICAgIHJlc3BvbnNlLmhlYWRlcnNbJ0NhY2hlLUNvbnRyb2wnXSA9ICdwdWJsaWMsIHMtbWF4YWdlPTMwLCBtYXgtYWdlPTAnCiAgICBsb2dnZXIuaW5mbyhmIlB1YmxpYyBmZWVkIHNlcnZlZDoge25vd30iKQogICAgcmV0dXJuIHJlc3BvbnNlCkBhcHAucm91dGUoJy9hcGkvcHJpdmF0ZS1mZWVkJykKZGVmIHByaXZhdGVfZmVlZCgpOgogICAgbm93ID0gZGF0ZXRpbWUuZGF0ZXRpbWUudXRjbm93KCkuaXNvZm9ybWF0KCkgKyAnWicKICAgIGRhdGEgPSB7CiAgICAgICAgInNlcnZlcl90aW1lX3V0YyI6IG5vdywKICAgICAgICAibWVzc2FnZSI6ICJBbHdheXMgZnJlc2ggLSBuZXZlciBjYWNoZWQiCiAgICB9CiAgICByZXNwb25zZSA9IGpzb25pZnkoZGF0YSkKICAgIGxvZ2dlci5pbmZvKGYiUHJpdmF0ZSBmZWVkIHNlcnZlZDoge25vd30iKQogICAgcmV0dXJuIHJlc3BvbnNlCiMgRGVmaW5lIHByaXZhdGUgcGF0aHMgdGhhdCBzaG91bGQgTkVWRVIgYmUgY2FjaGVkClBSSVZBVEVfUEFUSFMgPSB7CiAgICAnL2FwaS9saXN0JywKICAgICcvbGlzdCcsCiAgICAnL2FkZCcsCiAgICAnL2FwaS9wcml2YXRlLWZlZWQnLAp9CkBhcHAuYWZ0ZXJfcmVxdWVzdApkZWYgYWRkX25vX2NhY2hlX2hlYWRlcnMocmVzcG9uc2UpOgogICAgaWYgcmVxdWVzdC5wYXRoIGluIFBSSVZBVEVfUEFUSFM6CiAgICAgICAgcmVzcG9uc2UuaGVhZGVyc1snQ2FjaGUtQ29udHJvbCddID0gJ3ByaXZhdGUsIG5vLXN0b3JlJwogICAgICAgIHJlc3BvbnNlLmhlYWRlcnNbJ1ByYWdtYSddID0gJ25vLWNhY2hlJwogICAgICAgIHJlc3BvbnNlLmhlYWRlcnNbJ0V4cGlyZXMnXSA9ICcwJwogICAgcmV0dXJuIHJlc3BvbnNlCmlmIF9fbmFtZV9fID09ICJfX21haW5fXyI6CiAgICBsb2dnZXIuaW5mbygiU3RhcnRpbmcgRmxhc2sgYXBwIikKICAgIGFwcC5ydW4oaG9zdD0iMC4wLjAuMCIsIHBvcnQ9ODApClBZCmNhdCA+L2V0Yy9zeXN0ZW1kL3N5c3RlbS9yZHNhcHAuc2VydmljZSA8PCdTRVJWSUNFJwpbVW5pdF0KRGVzY3JpcHRpb249RUMyIHRvIFJEUyBOb3RlcyBBcHAKQWZ0ZXI9bmV0d29yay50YXJnZXQKW1NlcnZpY2VdCldvcmtpbmdEaXJlY3Rvcnk9L29wdC9yZHNhcHAKRW52aXJvbm1lbnQ9U0VDUkVUX0lEPWJvcy9yZHMvbXlzcWwKRXhlY1N0YXJ0PS91c3IvYmluL3B5dGhvbjMgL29wdC9yZHNhcHAvYXBwLnB5ClJlc3RhcnQ9YWx3YXlzCltJbnN0YWxsXQpXYW50ZWRCeT1tdWx0aS11c2VyLnRhcmdldApTRVJWSUNFCnN5c3RlbWN0bCBkYWVtb24tcmVsb2FkCnN5c3RlbWN0bCBlbmFibGUgcmRzYXBwCnN5c3RlbWN0bCBzdGFydCByZHNhcHAKPT09IEFERCBDTE9VRFdBVENIIEFHRU5UIEJFTE9XIFRISVMgTElORSA9PT0KIyBJbnN0YWxsIHVuaWZpZWQgQ2xvdWRXYXRjaCBBZ2VudAp3Z2V0IGh0dHBzOi8vczMuYW1hem9uYXdzLmNvbS9hbWF6b25jbG91ZHdhdGNoLWFnZW50LXVzLWVhc3QtMS9hbWF6b25fbGludXgvYW1kNjQvbGF0ZXN0L2FtYXpvbi1jbG91ZHdhdGNoLWFnZW50LnJwbQpycG0gLVUgLi9hbWF6b24tY2xvdWR3YXRjaC1hZ2VudC5ycG0KIyBDcmVhdGUgY29uZmlnIGRpcmVjdG9yeSBpZiBuZWVkZWQKbWtkaXIgLXAgL29wdC9hd3MvYW1hem9uLWNsb3Vkd2F0Y2gtYWdlbnQvYmluCmNhdCA+L29wdC9hd3MvYW1hem9uLWNsb3Vkd2F0Y2gtYWdlbnQvYmluL2NvbmZpZy5qc29uIDw8J0VPRicKewogICJhZ2VudCI6IHsKICAgICJydW5fYXNfdXNlciI6ICJjd2FnZW50IgogIH0sCiAgImxvZ3MiOiB7CiAgICAibG9nc19jb2xsZWN0ZWQiOiB7CiAgICAgICJmaWxlcyI6IHsKICAgICAgICAiY29sbGVjdF9saXN0IjogWwogICAgICAgICAgewogICAgICAgICAgICAiZmlsZV9wYXRoIjogIi9vcHQvcmRzYXBwLyoubG9nIiwKICAgICAgICAgICAgImxvZ19ncm91cF9uYW1lIjogIi9hd3MvZWMyL2Jvcy1yZHMtYXBwIiwKICAgICAgICAgICAgImxvZ19zdHJlYW1fbmFtZSI6ICJ7aW5zdGFuY2VfaWR9IgogICAgICAgICAgfQogICAgICAgIF0KICAgICAgfQogICAgfQogIH0KfQpFT0YKIyBTdGFydCB0aGUgYWdlbnQKL29wdC9hd3MvYW1hem9uLWNsb3Vkd2F0Y2gtYWdlbnQvYmluL2FtYXpvbi1jbG91ZHdhdGNoLWFnZW50LWN0bCBcCi1hIGZldGNoLWNvbmZpZyAtbSBlYzIgXAotYyBmaWxlOi9vcHQvYXdzL2FtYXpvbi1jbG91ZHdhdGNoLWFnZW50L2Jpbi9jb25maWcuanNvbiAtcwojIFRlc3QgbG9nCmxvZ2dlciAiUkRTIEFwcCBhbmQgQ2xvdWRXYXRjaCBBZ2VudCBzdGFydGVkIHN1Y2Nlc3NmdWxseSAkKGRhdGUpIg==",
            "vpc_security_group_ids": [
              "sg-0db0115d3946dff88"
            ]
          },
          "sensitive_attributes": [],
          "identity_schema_version": 0,
          "private": "eyJzY2hlbWFfdmVyc2lvbiI6IjEifQ==",
          "dependencies": [
            "aws_security_group.gru_ec2_sg01",
            "aws_vpc.gru_vpc01"
          ],
          "create_before_destroy": true
        }
      ]
    },
    {
      "mode": "managed",
      "type": "aws_lb",
      "name": "gru_alb01",
      "provider": "provider[\"registry.terraform.io/hashicorp/aws\"]",
      "instances": [
        {
          "schema_version": 0,
          "attributes": {
            "access_logs": [
              {
                "bucket": "gro-alb-logs-lh-891377135193",
                "enabled": true,
                "prefix": "alb-access-logs"
              }
            ],
            "arn": "arn:aws:elasticloadbalancing:sa-east-1:891377135193:loadbalancer/app/gro-alb01/a79946ce37911b3a",
            "arn_suffix": "app/gro-alb01/a79946ce37911b3a",
            "client_keep_alive": 3600,
            "connection_logs": [
              {
                "bucket": "",
                "enabled": false,
                "prefix": ""
              }
            ],
            "customer_owned_ipv4_pool": "",
            "desync_mitigation_mode": "defensive",
            "dns_name": "gro-alb01-814308088.sa-east-1.elb.amazonaws.com",
            "dns_record_client_routing_policy": null,
            "drop_invalid_header_fields": false,
            "enable_cross_zone_load_balancing": true,
            "enable_deletion_protection": false,
            "enable_http2": true,
            "enable_tls_version_and_cipher_suite_headers": false,
            "enable_waf_fail_open": false,
            "enable_xff_client_port": false,
            "enable_zonal_shift": false,
            "enforce_security_group_inbound_rules_on_private_link_traffic": "",
            "health_check_logs": [
              {
                "bucket": "",
                "enabled": false,
                "prefix": ""
              }
            ],
            "id": "arn:aws:elasticloadbalancing:sa-east-1:891377135193:loadbalancer/app/gro-alb01/a79946ce37911b3a",
            "idle_timeout": 60,
            "internal": false,
            "ip_address_type": "ipv4",
            "ipam_pools": [],
            "load_balancer_type": "application",
            "minimum_load_balancer_capacity": [],
            "name": "gro-alb01",
            "name_prefix": "",
            "preserve_host_header": false,
            "region": "sa-east-1",
            "secondary_ips_auto_assigned_per_subnet": null,
            "security_groups": [
              "sg-0a0dd1a1466abd89a"
            ],
            "subnet_mapping": [
              {
                "allocation_id": "",
                "ipv6_address": "",
                "outpost_id": "",
                "private_ipv4_address": "",
                "subnet_id": "subnet-024f7d8f1f563b93b"
              },
              {
                "allocation_id": "",
                "ipv6_address": "",
                "outpost_id": "",
                "private_ipv4_address": "",
                "subnet_id": "subnet-02bc0af467878679d"
              }
            ],
            "subnets": [
              "subnet-024f7d8f1f563b93b",
              "subnet-02bc0af467878679d"
            ],
            "tags": {
              "Name": "gro-alb01"
            },
            "tags_all": {
              "Name": "gro-alb01"
            },
            "timeouts": null,
            "vpc_id": "vpc-0df2da2929960c7e0",
            "xff_header_processing_mode": "append",
            "zone_id": "Z2P70J7HTTTPLU"
          },
          "sensitive_attributes": [],
          "identity_schema_version": 0,
          "identity": {
            "arn": "arn:aws:elasticloadbalancing:sa-east-1:891377135193:loadbalancer/app/gro-alb01/a79946ce37911b3a"
          },
          "private": "eyJlMmJmYjczMC1lY2FhLTExZTYtOGY4OC0zNDM2M2JjN2M0YzAiOnsiY3JlYXRlIjo2MDAwMDAwMDAwMDAsImRlbGV0ZSI6NjAwMDAwMDAwMDAwLCJ1cGRhdGUiOjYwMDAwMDAwMDAwMH19",
          "dependencies": [
            "aws_s3_bucket.gru_alb_logs_bucket01",
            "aws_security_group.gru_alb_sg01",
            "aws_subnet.gru_public_subnets",
            "aws_vpc.gru_vpc01"
          ]
        }
      ]
    },
    {
      "mode": "managed",
      "type": "aws_lb_target_group",
      "name": "gru_tg01",
      "provider": "provider[\"registry.terraform.io/hashicorp/aws\"]",
      "instances": [
        {
          "schema_version": 0,
          "attributes": {
            "arn": "arn:aws:elasticloadbalancing:sa-east-1:891377135193:targetgroup/gro-tg01/cdc4b85c518d4fd4",
            "arn_suffix": "targetgroup/gro-tg01/cdc4b85c518d4fd4",
            "connection_termination": null,
            "deregistration_delay": "300",
            "health_check": [
              {
                "enabled": true,
                "healthy_threshold": 2,
                "interval": 30,
                "matcher": "200-399",
                "path": "/health",
                "port": "traffic-port",
                "protocol": "HTTP",
                "timeout": 5,
                "unhealthy_threshold": 2
              }
            ],
            "id": "arn:aws:elasticloadbalancing:sa-east-1:891377135193:targetgroup/gro-tg01/cdc4b85c518d4fd4",
            "ip_address_type": "ipv4",
            "lambda_multi_value_headers_enabled": false,
            "load_balancer_arns": [],
            "load_balancing_algorithm_type": "round_robin",
            "load_balancing_anomaly_mitigation": "off",
            "load_balancing_cross_zone_enabled": "use_load_balancer_configuration",
            "name": "gro-tg01",
            "name_prefix": "",
            "port": 80,
            "preserve_client_ip": null,
            "protocol": "HTTP",
            "protocol_version": "HTTP1",
            "proxy_protocol_v2": false,
            "region": "sa-east-1",
            "slow_start": 0,
            "stickiness": [
              {
                "cookie_duration": 86400,
                "cookie_name": "",
                "enabled": false,
                "type": "lb_cookie"
              }
            ],
            "tags": {
              "Name": "gro-tg01"
            },
            "tags_all": {
              "Name": "gro-tg01"
            },
            "target_control_port": 0,
            "target_failover": [
              {
                "on_deregistration": null,
                "on_unhealthy": null
              }
            ],
            "target_group_health": [
              {
                "dns_failover": [
                  {
                    "minimum_healthy_targets_count": "1",
                    "minimum_healthy_targets_percentage": "off"
                  }
                ],
                "unhealthy_state_routing": [
                  {
                    "minimum_healthy_targets_count": 1,
                    "minimum_healthy_targets_percentage": "off"
                  }
                ]
              }
            ],
            "target_health_state": [
              {
                "enable_unhealthy_connection_termination": null,
                "unhealthy_draining_interval": null
              }
            ],
            "target_type": "instance",
            "vpc_id": "vpc-0df2da2929960c7e0"
          },
          "sensitive_attributes": [],
          "identity_schema_version": 0,
          "identity": {
            "arn": "arn:aws:elasticloadbalancing:sa-east-1:891377135193:targetgroup/gro-tg01/cdc4b85c518d4fd4"
          },
          "private": "bnVsbA==",
          "dependencies": [
            "aws_vpc.gru_vpc01"
          ]
        }
      ]
    },
    {
      "mode": "managed",
      "type": "aws_lb_target_group_attachment",
      "name": "gru_tg_attach01",
      "provider": "provider[\"registry.terraform.io/hashicorp/aws\"]",
      "instances": [
        {
          "schema_version": 0,
          "attributes": {
            "availability_zone": null,
            "id": "arn:aws:elasticloadbalancing:sa-east-1:891377135193:targetgroup/gro-tg01/cdc4b85c518d4fd4-20260127181446599100000008",
            "port": 80,
            "quic_server_id": null,
            "region": "sa-east-1",
            "target_group_arn": "arn:aws:elasticloadbalancing:sa-east-1:891377135193:targetgroup/gro-tg01/cdc4b85c518d4fd4",
            "target_id": "i-0318fd72968cb63d0"
          },
          "sensitive_attributes": [],
          "identity_schema_version": 0,
          "private": "bnVsbA==",
          "dependencies": [
            "aws_iam_instance_profile.gru_instance_profile01",
            "aws_iam_role.gru_ec2_role01",
            "aws_instance.gru_ec201_private_bonus",
            "aws_lb_target_group.gru_tg01",
            "aws_security_group.gru_ec2_sg01",
            "aws_subnet.gru_private_subnets",
            "aws_vpc.gru_vpc01"
          ]
        }
      ]
    },
    {
      "mode": "managed",
      "type": "aws_nat_gateway",
      "name": "gru_nat01",
      "provider": "provider[\"registry.terraform.io/hashicorp/aws\"]",
      "instances": [
        {
          "schema_version": 0,
          "attributes": {
            "allocation_id": "eipalloc-04b1aad41eb71762f",
            "association_id": "eipassoc-0798792e3c9f73a71",
            "auto_provision_zones": null,
            "auto_scaling_ips": null,
            "availability_mode": "zonal",
            "availability_zone_address": [],
            "connectivity_type": "public",
            "id": "nat-04004298b624ef4ce",
            "network_interface_id": "eni-006b0c1d3c05b725d",
            "private_ip": "10.55.1.205",
            "public_ip": "18.229.97.70",
            "region": "sa-east-1",
            "regional_nat_gateway_address": [],
            "regional_nat_gateway_auto_mode": null,
            "route_table_id": null,
            "secondary_allocation_ids": [],
            "secondary_private_ip_address_count": 0,
            "secondary_private_ip_addresses": [],
            "subnet_id": "subnet-02bc0af467878679d",
            "tags": {
              "Name": "gro-nat01"
            },
            "tags_all": {
              "Name": "gro-nat01"
            },
            "timeouts": null,
            "vpc_id": "vpc-0df2da2929960c7e0"
          },
          "sensitive_attributes": [],
          "identity_schema_version": 0,
          "private": "eyJlMmJmYjczMC1lY2FhLTExZTYtOGY4OC0zNDM2M2JjN2M0YzAiOnsiY3JlYXRlIjo2MDAwMDAwMDAwMDAsImRlbGV0ZSI6MTgwMDAwMDAwMDAwMCwidXBkYXRlIjo2MDAwMDAwMDAwMDB9fQ==",
          "dependencies": [
            "aws_eip.gru_nat_eip01",
            "aws_internet_gateway.gru_igw01",
            "aws_subnet.gru_public_subnets",
            "aws_vpc.gru_vpc01"
          ]
        }
      ]
    },
    {
      "mode": "managed",
      "type": "aws_route",
      "name": "gru_private_default_route",
      "provider": "provider[\"registry.terraform.io/hashicorp/aws\"]",
      "instances": [
        {
          "schema_version": 0,
          "attributes": {
            "carrier_gateway_id": "",
            "core_network_arn": "",
            "destination_cidr_block": "0.0.0.0/0",
            "destination_ipv6_cidr_block": "",
            "destination_prefix_list_id": "",
            "egress_only_gateway_id": "",
            "gateway_id": "",
            "id": "r-rtb-02c93d707d9f5fb771080289494",
            "instance_id": "",
            "instance_owner_id": "",
            "local_gateway_id": "",
            "nat_gateway_id": "nat-04004298b624ef4ce",
            "network_interface_id": "",
            "origin": "CreateRoute",
            "region": "sa-east-1",
            "route_table_id": "rtb-02c93d707d9f5fb77",
            "state": "active",
            "timeouts": null,
            "transit_gateway_id": "",
            "vpc_endpoint_id": "",
            "vpc_peering_connection_id": ""
          },
          "sensitive_attributes": [],
          "identity_schema_version": 0,
          "identity": {
            "account_id": "891377135193",
            "destination_cidr_block": "0.0.0.0/0",
            "destination_ipv6_cidr_block": null,
            "destination_prefix_list_id": null,
            "region": "sa-east-1",
            "route_table_id": "rtb-02c93d707d9f5fb77"
          },
          "private": "eyJlMmJmYjczMC1lY2FhLTExZTYtOGY4OC0zNDM2M2JjN2M0YzAiOnsiY3JlYXRlIjozMDAwMDAwMDAwMDAsImRlbGV0ZSI6MzAwMDAwMDAwMDAwLCJ1cGRhdGUiOjEyMDAwMDAwMDAwMH19",
          "dependencies": [
            "aws_eip.gru_nat_eip01",
            "aws_internet_gateway.gru_igw01",
            "aws_nat_gateway.gru_nat01",
            "aws_route_table.gru_private_rt01",
            "aws_subnet.gru_public_subnets",
            "aws_vpc.gru_vpc01"
          ]
        }
      ]
    },
    {
      "mode": "managed",
      "type": "aws_route",
      "name": "gru_public_default_route",
      "provider": "provider[\"registry.terraform.io/hashicorp/aws\"]",
      "instances": [
        {
          "schema_version": 0,
          "attributes": {
            "carrier_gateway_id": "",
            "core_network_arn": "",
            "destination_cidr_block": "0.0.0.0/0",
            "destination_ipv6_cidr_block": "",
            "destination_prefix_list_id": "",
            "egress_only_gateway_id": "",
            "gateway_id": "igw-054ebbe58fdcd52c3",
            "id": "r-rtb-038f6941ae94b37791080289494",
            "instance_id": "",
            "instance_owner_id": "",
            "local_gateway_id": "",
            "nat_gateway_id": "",
            "network_interface_id": "",
            "origin": "CreateRoute",
            "region": "sa-east-1",
            "route_table_id": "rtb-038f6941ae94b3779",
            "state": "active",
            "timeouts": null,
            "transit_gateway_id": "",
            "vpc_endpoint_id": "",
            "vpc_peering_connection_id": ""
          },
          "sensitive_attributes": [],
          "identity_schema_version": 0,
          "identity": {
            "account_id": "891377135193",
            "destination_cidr_block": "0.0.0.0/0",
            "destination_ipv6_cidr_block": null,
            "destination_prefix_list_id": null,
            "region": "sa-east-1",
            "route_table_id": "rtb-038f6941ae94b3779"
          },
          "private": "eyJlMmJmYjczMC1lY2FhLTExZTYtOGY4OC0zNDM2M2JjN2M0YzAiOnsiY3JlYXRlIjozMDAwMDAwMDAwMDAsImRlbGV0ZSI6MzAwMDAwMDAwMDAwLCJ1cGRhdGUiOjEyMDAwMDAwMDAwMH19",
          "dependencies": [
            "aws_internet_gateway.gru_igw01",
            "aws_route_table.gru_public_rt01",
            "aws_vpc.gru_vpc01"
          ]
        }
      ]
    },
    {
      "mode": "managed",
      "type": "aws_route_table",
      "name": "gru_private_rt01",
      "provider": "provider[\"registry.terraform.io/hashicorp/aws\"]",
      "instances": [
        {
          "schema_version": 0,
          "attributes": {
            "arn": "arn:aws:ec2:sa-east-1:891377135193:route-table/rtb-02c93d707d9f5fb77",
            "id": "rtb-02c93d707d9f5fb77",
            "owner_id": "891377135193",
            "propagating_vgws": [],
            "region": "sa-east-1",
            "route": [],
            "tags": {
              "Name": "gro-private-rt01"
            },
            "tags_all": {
              "Name": "gro-private-rt01"
            },
            "timeouts": null,
            "vpc_id": "vpc-0df2da2929960c7e0"
          },
          "sensitive_attributes": [],
          "identity_schema_version": 0,
          "identity": {
            "account_id": "891377135193",
            "id": "rtb-02c93d707d9f5fb77",
            "region": "sa-east-1"
          },
          "private": "eyJlMmJmYjczMC1lY2FhLTExZTYtOGY4OC0zNDM2M2JjN2M0YzAiOnsiY3JlYXRlIjozMDAwMDAwMDAwMDAsImRlbGV0ZSI6MzAwMDAwMDAwMDAwLCJ1cGRhdGUiOjEyMDAwMDAwMDAwMH19",
          "dependencies": [
            "aws_vpc.gru_vpc01"
          ]
        }
      ]
    },
    {
      "mode": "managed",
      "type": "aws_route_table",
      "name": "gru_public_rt01",
      "provider": "provider[\"registry.terraform.io/hashicorp/aws\"]",
      "instances": [
        {
          "schema_version": 0,
          "attributes": {
            "arn": "arn:aws:ec2:sa-east-1:891377135193:route-table/rtb-038f6941ae94b3779",
            "id": "rtb-038f6941ae94b3779",
            "owner_id": "891377135193",
            "propagating_vgws": [],
            "region": "sa-east-1",
            "route": [],
            "tags": {
              "Name": "gro-public-rt01"
            },
            "tags_all": {
              "Name": "gro-public-rt01"
            },
            "timeouts": null,
            "vpc_id": "vpc-0df2da2929960c7e0"
          },
          "sensitive_attributes": [],
          "identity_schema_version": 0,
          "identity": {
            "account_id": "891377135193",
            "id": "rtb-038f6941ae94b3779",
            "region": "sa-east-1"
          },
          "private": "eyJlMmJmYjczMC1lY2FhLTExZTYtOGY4OC0zNDM2M2JjN2M0YzAiOnsiY3JlYXRlIjozMDAwMDAwMDAwMDAsImRlbGV0ZSI6MzAwMDAwMDAwMDAwLCJ1cGRhdGUiOjEyMDAwMDAwMDAwMH19",
          "dependencies": [
            "aws_vpc.gru_vpc01"
          ]
        }
      ]
    },
    {
      "mode": "managed",
      "type": "aws_route_table_association",
      "name": "gru_private_rta",
      "provider": "provider[\"registry.terraform.io/hashicorp/aws\"]",
      "instances": [
        {
          "index_key": 0,
          "schema_version": 0,
          "attributes": {
            "gateway_id": "",
            "id": "rtbassoc-0fb118be0f48adede",
            "region": "sa-east-1",
            "route_table_id": "rtb-02c93d707d9f5fb77",
            "subnet_id": "subnet-0bb6a75cfb11186fb",
            "timeouts": null
          },
          "sensitive_attributes": [],
          "identity_schema_version": 0,
          "private": "eyJlMmJmYjczMC1lY2FhLTExZTYtOGY4OC0zNDM2M2JjN2M0YzAiOnsiY3JlYXRlIjozMDAwMDAwMDAwMDAsImRlbGV0ZSI6MzAwMDAwMDAwMDAwLCJ1cGRhdGUiOjEyMDAwMDAwMDAwMH19",
          "dependencies": [
            "aws_route_table.gru_private_rt01",
            "aws_subnet.gru_private_subnets",
            "aws_vpc.gru_vpc01"
          ]
        },
        {
          "index_key": 1,
          "schema_version": 0,
          "attributes": {
            "gateway_id": "",
            "id": "rtbassoc-01802733e609a1b27",
            "region": "sa-east-1",
            "route_table_id": "rtb-02c93d707d9f5fb77",
            "subnet_id": "subnet-09ee0748f45cb1390",
            "timeouts": null
          },
          "sensitive_attributes": [],
          "identity_schema_version": 0,
          "private": "eyJlMmJmYjczMC1lY2FhLTExZTYtOGY4OC0zNDM2M2JjN2M0YzAiOnsiY3JlYXRlIjozMDAwMDAwMDAwMDAsImRlbGV0ZSI6MzAwMDAwMDAwMDAwLCJ1cGRhdGUiOjEyMDAwMDAwMDAwMH19",
          "dependencies": [
            "aws_route_table.gru_private_rt01",
            "aws_subnet.gru_private_subnets",
            "aws_vpc.gru_vpc01"
          ]
        }
      ]
    },
    {
      "mode": "managed",
      "type": "aws_route_table_association",
      "name": "gru_public_rta",
      "provider": "provider[\"registry.terraform.io/hashicorp/aws\"]",
      "instances": [
        {
          "index_key": 0,
          "schema_version": 0,
          "attributes": {
            "gateway_id": "",
            "id": "rtbassoc-05c4a5280fe65d7b5",
            "region": "sa-east-1",
            "route_table_id": "rtb-038f6941ae94b3779",
            "subnet_id": "subnet-02bc0af467878679d",
            "timeouts": null
          },
          "sensitive_attributes": [],
          "identity_schema_version": 0,
          "private": "eyJlMmJmYjczMC1lY2FhLTExZTYtOGY4OC0zNDM2M2JjN2M0YzAiOnsiY3JlYXRlIjozMDAwMDAwMDAwMDAsImRlbGV0ZSI6MzAwMDAwMDAwMDAwLCJ1cGRhdGUiOjEyMDAwMDAwMDAwMH19",
          "dependencies": [
            "aws_route_table.gru_public_rt01",
            "aws_subnet.gru_public_subnets",
            "aws_vpc.gru_vpc01"
          ]
        },
        {
          "index_key": 1,
          "schema_version": 0,
          "attributes": {
            "gateway_id": "",
            "id": "rtbassoc-043088b0dd473c9fc",
            "region": "sa-east-1",
            "route_table_id": "rtb-038f6941ae94b3779",
            "subnet_id": "subnet-024f7d8f1f563b93b",
            "timeouts": null
          },
          "sensitive_attributes": [],
          "identity_schema_version": 0,
          "private": "eyJlMmJmYjczMC1lY2FhLTExZTYtOGY4OC0zNDM2M2JjN2M0YzAiOnsiY3JlYXRlIjozMDAwMDAwMDAwMDAsImRlbGV0ZSI6MzAwMDAwMDAwMDAwLCJ1cGRhdGUiOjEyMDAwMDAwMDAwMH19",
          "dependencies": [
            "aws_route_table.gru_public_rt01",
            "aws_subnet.gru_public_subnets",
            "aws_vpc.gru_vpc01"
          ]
        }
      ]
    },
    {
      "mode": "managed",
      "type": "aws_s3_bucket",
      "name": "gru_alb_logs_bucket01",
      "provider": "provider[\"registry.terraform.io/hashicorp/aws\"]",
      "instances": [
        {
          "index_key": 0,
          "schema_version": 0,
          "attributes": {
            "acceleration_status": "",
            "acl": null,
            "arn": "arn:aws:s3:::gro-alb-logs-lh-891377135193",
            "bucket": "gro-alb-logs-lh-891377135193",
            "bucket_domain_name": "gro-alb-logs-lh-891377135193.s3.amazonaws.com",
            "bucket_prefix": "",
            "bucket_region": "sa-east-1",
            "bucket_regional_domain_name": "gro-alb-logs-lh-891377135193.s3.sa-east-1.amazonaws.com",
            "cors_rule": [],
            "force_destroy": true,
            "grant": [
              {
                "id": "903b1c250754076520a57e879a3113da4cbe0f2c8efdadb3b5dd954edd18db9b",
                "permissions": [
                  "FULL_CONTROL"
                ],
                "type": "CanonicalUser",
                "uri": ""
              }
            ],
            "hosted_zone_id": "Z7KQH4QJS55SO",
            "id": "gro-alb-logs-lh-891377135193",
            "lifecycle_rule": [],
            "logging": [],
            "object_lock_configuration": [],
            "object_lock_enabled": false,
            "policy": "",
            "region": "sa-east-1",
            "replication_configuration": [],
            "request_payer": "BucketOwner",
            "server_side_encryption_configuration": [
              {
                "rule": [
                  {
                    "apply_server_side_encryption_by_default": [
                      {
                        "kms_master_key_id": "",
                        "sse_algorithm": "AES256"
                      }
                    ],
                    "bucket_key_enabled": false
                  }
                ]
              }
            ],
            "tags": {
              "Name": "gro-alb-logs-bucket01"
            },
            "tags_all": {
              "Name": "gro-alb-logs-bucket01"
            },
            "timeouts": null,
            "versioning": [
              {
                "enabled": false,
                "mfa_delete": false
              }
            ],
            "website": [],
            "website_domain": null,
            "website_endpoint": null
          },
          "sensitive_attributes": [],
          "identity_schema_version": 0,
          "identity": {
            "account_id": "891377135193",
            "bucket": "gro-alb-logs-lh-891377135193",
            "region": "sa-east-1"
          },
          "private": "eyJlMmJmYjczMC1lY2FhLTExZTYtOGY4OC0zNDM2M2JjN2M0YzAiOnsiY3JlYXRlIjoxMjAwMDAwMDAwMDAwLCJkZWxldGUiOjM2MDAwMDAwMDAwMDAsInJlYWQiOjEyMDAwMDAwMDAwMDAsInVwZGF0ZSI6MTIwMDAwMDAwMDAwMH19"
        }
      ]
    },
    {
      "mode": "managed",
      "type": "aws_s3_bucket_ownership_controls",
      "name": "gru_alb_logs_owner01",
      "provider": "provider[\"registry.terraform.io/hashicorp/aws\"]",
      "instances": [
        {
          "index_key": 0,
          "schema_version": 0,
          "attributes": {
            "bucket": "gro-alb-logs-lh-891377135193",
            "id": "gro-alb-logs-lh-891377135193",
            "region": "sa-east-1",
            "rule": [
              {
                "object_ownership": "BucketOwnerPreferred"
              }
            ]
          },
          "sensitive_attributes": [],
          "identity_schema_version": 0,
          "identity": {
            "account_id": "891377135193",
            "bucket": "gro-alb-logs-lh-891377135193",
            "region": "sa-east-1"
          },
          "private": "bnVsbA==",
          "dependencies": [
            "aws_s3_bucket.gru_alb_logs_bucket01"
          ]
        }
      ]
    },
    {
      "mode": "managed",
      "type": "aws_s3_bucket_policy",
      "name": "gru_alb_logs_policy01",
      "provider": "provider[\"registry.terraform.io/hashicorp/aws\"]",
      "instances": [
        {
          "index_key": 0,
          "schema_version": 0,
          "attributes": {
            "bucket": "gro-alb-logs-lh-891377135193",
            "id": "gro-alb-logs-lh-891377135193",
            "policy": "{\"Statement\":[{\"Action\":\"s3:*\",\"Condition\":{\"Bool\":{\"aws:SecureTransport\":\"false\"}},\"Effect\":\"Deny\",\"Principal\":\"*\",\"Resource\":[\"arn:aws:s3:::gro-alb-logs-lh-891377135193\",\"arn:aws:s3:::gro-alb-logs-lh-891377135193/*\"],\"Sid\":\"DenyInsecureTransport\"},{\"Action\":\"s3:PutObject\",\"Effect\":\"Allow\",\"Principal\":{\"Service\":\"logdelivery.elasticloadbalancing.amazonaws.com\"},\"Resource\":\"arn:aws:s3:::gro-alb-logs-lh-891377135193/alb-access-logs/AWSLogs/891377135193/*\",\"Sid\":\"AllowELBPutObject\"}],\"Version\":\"2012-10-17\"}",
            "region": "sa-east-1"
          },
          "sensitive_attributes": [],
          "identity_schema_version": 0,
          "identity": {
            "account_id": "891377135193",
            "bucket": "gro-alb-logs-lh-891377135193",
            "region": "sa-east-1"
          },
          "private": "bnVsbA==",
          "dependencies": [
            "aws_s3_bucket.gru_alb_logs_bucket01",
            "data.aws_caller_identity.gru_self01"
          ]
        }
      ]
    },
    {
      "mode": "managed",
      "type": "aws_s3_bucket_public_access_block",
      "name": "gru_alb_logs_pab01",
      "provider": "provider[\"registry.terraform.io/hashicorp/aws\"]",
      "instances": [
        {
          "index_key": 0,
          "schema_version": 0,
          "attributes": {
            "block_public_acls": true,
            "block_public_policy": true,
            "bucket": "gro-alb-logs-lh-891377135193",
            "id": "gro-alb-logs-lh-891377135193",
            "ignore_public_acls": true,
            "region": "sa-east-1",
            "restrict_public_buckets": true,
            "skip_destroy": null
          },
          "sensitive_attributes": [],
          "identity_schema_version": 0,
          "identity": {
            "account_id": "891377135193",
            "bucket": "gro-alb-logs-lh-891377135193",
            "region": "sa-east-1"
          },
          "private": "bnVsbA==",
          "dependencies": [
            "aws_s3_bucket.gru_alb_logs_bucket01"
          ]
        }
      ]
    },
    {
      "mode": "managed",
      "type": "aws_security_group",
      "name": "gru_alb_sg01",
      "provider": "provider[\"registry.terraform.io/hashicorp/aws\"]",
      "instances": [
        {
          "schema_version": 1,
          "attributes": {
            "arn": "arn:aws:ec2:sa-east-1:891377135193:security-group/sg-0a0dd1a1466abd89a",
            "description": "ALB security group",
            "egress": [],
            "id": "sg-0a0dd1a1466abd89a",
            "ingress": [],
            "name": "gro-alb-sg01",
            "name_prefix": "",
            "owner_id": "891377135193",
            "region": "sa-east-1",
            "revoke_rules_on_delete": false,
            "tags": {
              "Name": "gro-alb-sg01"
            },
            "tags_all": {
              "Name": "gro-alb-sg01"
            },
            "timeouts": null,
            "vpc_id": "vpc-0df2da2929960c7e0"
          },
          "sensitive_attributes": [],
          "identity_schema_version": 0,
          "identity": {
            "account_id": "891377135193",
            "id": "sg-0a0dd1a1466abd89a",
            "region": "sa-east-1"
          },
          "private": "eyJlMmJmYjczMC1lY2FhLTExZTYtOGY4OC0zNDM2M2JjN2M0YzAiOnsiY3JlYXRlIjo2MDAwMDAwMDAwMDAsImRlbGV0ZSI6OTAwMDAwMDAwMDAwfSwic2NoZW1hX3ZlcnNpb24iOiIxIn0=",
          "dependencies": [
            "aws_vpc.gru_vpc01"
          ]
        }
      ]
    },
    {
      "mode": "managed",
      "type": "aws_security_group",
      "name": "gru_ec2_sg01",
      "provider": "provider[\"registry.terraform.io/hashicorp/aws\"]",
      "instances": [
        {
          "schema_version": 1,
          "attributes": {
            "arn": "arn:aws:ec2:sa-east-1:891377135193:security-group/sg-0db0115d3946dff88",
            "description": "EC2 app security group",
            "egress": [],
            "id": "sg-0db0115d3946dff88",
            "ingress": [],
            "name": "gro-ec2-sg01",
            "name_prefix": "",
            "owner_id": "891377135193",
            "region": "sa-east-1",
            "revoke_rules_on_delete": false,
            "tags": {
              "Name": "gro-ec2-sg01"
            },
            "tags_all": {
              "Name": "gro-ec2-sg01"
            },
            "timeouts": null,
            "vpc_id": "vpc-0df2da2929960c7e0"
          },
          "sensitive_attributes": [],
          "identity_schema_version": 0,
          "identity": {
            "account_id": "891377135193",
            "id": "sg-0db0115d3946dff88",
            "region": "sa-east-1"
          },
          "private": "eyJlMmJmYjczMC1lY2FhLTExZTYtOGY4OC0zNDM2M2JjN2M0YzAiOnsiY3JlYXRlIjo2MDAwMDAwMDAwMDAsImRlbGV0ZSI6OTAwMDAwMDAwMDAwfSwic2NoZW1hX3ZlcnNpb24iOiIxIn0=",
          "dependencies": [
            "aws_vpc.gru_vpc01"
          ],
          "create_before_destroy": true
        }
      ]
    },
    {
      "mode": "managed",
      "type": "aws_security_group",
      "name": "gru_rds_sg01",
      "provider": "provider[\"registry.terraform.io/hashicorp/aws\"]",
      "instances": [
        {
          "schema_version": 1,
          "attributes": {
            "arn": "arn:aws:ec2:sa-east-1:891377135193:security-group/sg-0225efe2165e967fa",
            "description": "RDS security group",
            "egress": [],
            "id": "sg-0225efe2165e967fa",
            "ingress": [],
            "name": "gro-rds-sg01",
            "name_prefix": "",
            "owner_id": "891377135193",
            "region": "sa-east-1",
            "revoke_rules_on_delete": false,
            "tags": {
              "Name": "gro-rds-sg01"
            },
            "tags_all": {
              "Name": "gro-rds-sg01"
            },
            "timeouts": null,
            "vpc_id": "vpc-0df2da2929960c7e0"
          },
          "sensitive_attributes": [],
          "identity_schema_version": 0,
          "identity": {
            "account_id": "891377135193",
            "id": "sg-0225efe2165e967fa",
            "region": "sa-east-1"
          },
          "private": "eyJlMmJmYjczMC1lY2FhLTExZTYtOGY4OC0zNDM2M2JjN2M0YzAiOnsiY3JlYXRlIjo2MDAwMDAwMDAwMDAsImRlbGV0ZSI6OTAwMDAwMDAwMDAwfSwic2NoZW1hX3ZlcnNpb24iOiIxIn0=",
          "dependencies": [
            "aws_vpc.gru_vpc01"
          ]
        }
      ]
    },
    {
      "mode": "managed",
      "type": "aws_security_group",
      "name": "gru_vpce_sg01",
      "provider": "provider[\"registry.terraform.io/hashicorp/aws\"]",
      "instances": [
        {
          "schema_version": 1,
          "attributes": {
            "arn": "arn:aws:ec2:sa-east-1:891377135193:security-group/sg-02967f494f80f9627",
            "description": "SG for VPC Interface Endpoints",
            "egress": [],
            "id": "sg-02967f494f80f9627",
            "ingress": [],
            "name": "gro-vpce-sg01",
            "name_prefix": "",
            "owner_id": "891377135193",
            "region": "sa-east-1",
            "revoke_rules_on_delete": false,
            "tags": {
              "Name": "gro-vpce-sg01"
            },
            "tags_all": {
              "Name": "gro-vpce-sg01"
            },
            "timeouts": null,
            "vpc_id": "vpc-0df2da2929960c7e0"
          },
          "sensitive_attributes": [],
          "identity_schema_version": 0,
          "identity": {
            "account_id": "891377135193",
            "id": "sg-02967f494f80f9627",
            "region": "sa-east-1"
          },
          "private": "eyJlMmJmYjczMC1lY2FhLTExZTYtOGY4OC0zNDM2M2JjN2M0YzAiOnsiY3JlYXRlIjo2MDAwMDAwMDAwMDAsImRlbGV0ZSI6OTAwMDAwMDAwMDAwfSwic2NoZW1hX3ZlcnNpb24iOiIxIn0=",
          "dependencies": [
            "aws_vpc.gru_vpc01"
          ]
        }
      ]
    },
    {
      "mode": "managed",
      "type": "aws_security_group_rule",
      "name": "shinjuku_rds_ingress_from_liberdade01",
      "provider": "provider[\"registry.terraform.io/hashicorp/aws\"]",
      "instances": [
        {
          "schema_version": 2,
          "attributes": {
            "cidr_blocks": [
              "10.55.0.0/16"
            ],
            "description": null,
            "from_port": 3306,
            "id": "sgrule-1715109141",
            "ipv6_cidr_blocks": null,
            "prefix_list_ids": null,
            "protocol": "tcp",
            "region": "sa-east-1",
            "security_group_id": "sg-0225efe2165e967fa",
            "security_group_rule_id": "sgr-01956171d0349ad5a",
            "self": false,
            "source_security_group_id": null,
            "timeouts": null,
            "to_port": 3306,
            "type": "ingress"
          },
          "sensitive_attributes": [],
          "identity_schema_version": 0,
          "private": "eyJlMmJmYjczMC1lY2FhLTExZTYtOGY4OC0zNDM2M2JjN2M0YzAiOnsiY3JlYXRlIjozMDAwMDAwMDAwMDB9LCJzY2hlbWFfdmVyc2lvbiI6IjIifQ==",
          "dependencies": [
            "aws_security_group.gru_rds_sg01",
            "aws_vpc.gru_vpc01"
          ]
        }
      ]
    },
    {
      "mode": "managed",
      "type": "aws_sns_topic",
      "name": "gru_sns_topic01",
      "provider": "provider[\"registry.terraform.io/hashicorp/aws\"]",
      "instances": [
        {
          "schema_version": 0,
          "attributes": {
            "application_failure_feedback_role_arn": "",
            "application_success_feedback_role_arn": "",
            "application_success_feedback_sample_rate": 0,
            "archive_policy": "",
            "arn": "arn:aws:sns:sa-east-1:891377135193:gro-db-incidents",
            "beginning_archive_time": "",
            "content_based_deduplication": false,
            "delivery_policy": "",
            "display_name": "",
            "fifo_throughput_scope": "",
            "fifo_topic": false,
            "firehose_failure_feedback_role_arn": "",
            "firehose_success_feedback_role_arn": "",
            "firehose_success_feedback_sample_rate": 0,
            "http_failure_feedback_role_arn": "",
            "http_success_feedback_role_arn": "",
            "http_success_feedback_sample_rate": 0,
            "id": "arn:aws:sns:sa-east-1:891377135193:gro-db-incidents",
            "kms_master_key_id": "",
            "lambda_failure_feedback_role_arn": "",
            "lambda_success_feedback_role_arn": "",
            "lambda_success_feedback_sample_rate": 0,
            "name": "gro-db-incidents",
            "name_prefix": "",
            "owner": "891377135193",
            "policy": "{\"Id\":\"__default_policy_ID\",\"Statement\":[{\"Action\":[\"SNS:GetTopicAttributes\",\"SNS:SetTopicAttributes\",\"SNS:AddPermission\",\"SNS:RemovePermission\",\"SNS:DeleteTopic\",\"SNS:Subscribe\",\"SNS:ListSubscriptionsByTopic\",\"SNS:Publish\"],\"Condition\":{\"StringEquals\":{\"AWS:SourceOwner\":\"891377135193\"}},\"Effect\":\"Allow\",\"Principal\":{\"AWS\":\"*\"},\"Resource\":\"arn:aws:sns:sa-east-1:891377135193:gro-db-incidents\",\"Sid\":\"__default_statement_ID\"}],\"Version\":\"2008-10-17\"}",
            "region": "sa-east-1",
            "signature_version": 0,
            "sqs_failure_feedback_role_arn": "",
            "sqs_success_feedback_role_arn": "",
            "sqs_success_feedback_sample_rate": 0,
            "tags": null,
            "tags_all": {},
            "tracing_config": ""
          },
          "sensitive_attributes": [],
          "identity_schema_version": 0,
          "identity": {
            "arn": "arn:aws:sns:sa-east-1:891377135193:gro-db-incidents"
          },
          "private": "bnVsbA=="
        }
      ]
    },
    {
      "mode": "managed",
      "type": "aws_sns_topic_subscription",
      "name": "gru_sns_sub01",
      "provider": "provider[\"registry.terraform.io/hashicorp/aws\"]",
      "instances": [
        {
          "schema_version": 0,
          "attributes": {
            "arn": "arn:aws:sns:sa-east-1:891377135193:gro-db-incidents:6401f210-ff01-4a6c-8e62-69d7731918c7",
            "confirmation_timeout_in_minutes": 1,
            "confirmation_was_authenticated": false,
            "delivery_policy": "",
            "endpoint": "larrygharris76@gmail.com",
            "endpoint_auto_confirms": false,
            "filter_policy": "",
            "filter_policy_scope": "",
            "id": "arn:aws:sns:sa-east-1:891377135193:gro-db-incidents:6401f210-ff01-4a6c-8e62-69d7731918c7",
            "owner_id": "891377135193",
            "pending_confirmation": true,
            "protocol": "email",
            "raw_message_delivery": false,
            "redrive_policy": "",
            "region": "sa-east-1",
            "replay_policy": "",
            "subscription_role_arn": "",
            "topic_arn": "arn:aws:sns:sa-east-1:891377135193:gro-db-incidents"
          },
          "sensitive_attributes": [],
          "identity_schema_version": 0,
          "identity": {
            "arn": "arn:aws:sns:sa-east-1:891377135193:gro-db-incidents:6401f210-ff01-4a6c-8e62-69d7731918c7"
          },
          "private": "bnVsbA==",
          "dependencies": [
            "aws_sns_topic.gru_sns_topic01"
          ]
        }
      ]
    },
    {
      "mode": "managed",
      "type": "aws_subnet",
      "name": "gru_private_subnets",
      "provider": "provider[\"registry.terraform.io/hashicorp/aws\"]",
      "instances": [
        {
          "index_key": 0,
          "schema_version": 1,
          "attributes": {
            "arn": "arn:aws:ec2:sa-east-1:891377135193:subnet/subnet-0bb6a75cfb11186fb",
            "assign_ipv6_address_on_creation": false,
            "availability_zone": "sa-east-1a",
            "availability_zone_id": "sae1-az1",
            "cidr_block": "10.55.101.0/24",
            "customer_owned_ipv4_pool": "",
            "enable_dns64": false,
            "enable_lni_at_device_index": 0,
            "enable_resource_name_dns_a_record_on_launch": false,
            "enable_resource_name_dns_aaaa_record_on_launch": false,
            "id": "subnet-0bb6a75cfb11186fb",
            "ipv6_cidr_block": "",
            "ipv6_cidr_block_association_id": "",
            "ipv6_native": false,
            "map_customer_owned_ip_on_launch": false,
            "map_public_ip_on_launch": false,
            "outpost_arn": "",
            "owner_id": "891377135193",
            "private_dns_hostname_type_on_launch": "ip-name",
            "region": "sa-east-1",
            "tags": {
              "Name": "gro-private-subnet-1"
            },
            "tags_all": {
              "Name": "gro-private-subnet-1"
            },
            "timeouts": null,
            "vpc_id": "vpc-0df2da2929960c7e0"
          },
          "sensitive_attributes": [],
          "identity_schema_version": 0,
          "identity": {
            "account_id": "891377135193",
            "id": "subnet-0bb6a75cfb11186fb",
            "region": "sa-east-1"
          },
          "private": "eyJlMmJmYjczMC1lY2FhLTExZTYtOGY4OC0zNDM2M2JjN2M0YzAiOnsiY3JlYXRlIjo2MDAwMDAwMDAwMDAsImRlbGV0ZSI6MTIwMDAwMDAwMDAwMH0sInNjaGVtYV92ZXJzaW9uIjoiMSJ9",
          "dependencies": [
            "aws_vpc.gru_vpc01"
          ]
        },
        {
          "index_key": 1,
          "schema_version": 1,
          "attributes": {
            "arn": "arn:aws:ec2:sa-east-1:891377135193:subnet/subnet-09ee0748f45cb1390",
            "assign_ipv6_address_on_creation": false,
            "availability_zone": "sa-east-1b",
            "availability_zone_id": "sae1-az2",
            "cidr_block": "10.55.102.0/24",
            "customer_owned_ipv4_pool": "",
            "enable_dns64": false,
            "enable_lni_at_device_index": 0,
            "enable_resource_name_dns_a_record_on_launch": false,
            "enable_resource_name_dns_aaaa_record_on_launch": false,
            "id": "subnet-09ee0748f45cb1390",
            "ipv6_cidr_block": "",
            "ipv6_cidr_block_association_id": "",
            "ipv6_native": false,
            "map_customer_owned_ip_on_launch": false,
            "map_public_ip_on_launch": false,
            "outpost_arn": "",
            "owner_id": "891377135193",
            "private_dns_hostname_type_on_launch": "ip-name",
            "region": "sa-east-1",
            "tags": {
              "Name": "gro-private-subnet-2"
            },
            "tags_all": {
              "Name": "gro-private-subnet-2"
            },
            "timeouts": null,
            "vpc_id": "vpc-0df2da2929960c7e0"
          },
          "sensitive_attributes": [],
          "identity_schema_version": 0,
          "identity": {
            "account_id": "891377135193",
            "id": "subnet-09ee0748f45cb1390",
            "region": "sa-east-1"
          },
          "private": "eyJlMmJmYjczMC1lY2FhLTExZTYtOGY4OC0zNDM2M2JjN2M0YzAiOnsiY3JlYXRlIjo2MDAwMDAwMDAwMDAsImRlbGV0ZSI6MTIwMDAwMDAwMDAwMH0sInNjaGVtYV92ZXJzaW9uIjoiMSJ9",
          "dependencies": [
            "aws_vpc.gru_vpc01"
          ]
        }
      ]
    },
    {
      "mode": "managed",
      "type": "aws_subnet",
      "name": "gru_public_subnets",
      "provider": "provider[\"registry.terraform.io/hashicorp/aws\"]",
      "instances": [
        {
          "index_key": 0,
          "schema_version": 1,
          "attributes": {
            "arn": "arn:aws:ec2:sa-east-1:891377135193:subnet/subnet-02bc0af467878679d",
            "assign_ipv6_address_on_creation": false,
            "availability_zone": "sa-east-1a",
            "availability_zone_id": "sae1-az1",
            "cidr_block": "10.55.1.0/24",
            "customer_owned_ipv4_pool": "",
            "enable_dns64": false,
            "enable_lni_at_device_index": 0,
            "enable_resource_name_dns_a_record_on_launch": false,
            "enable_resource_name_dns_aaaa_record_on_launch": false,
            "id": "subnet-02bc0af467878679d",
            "ipv6_cidr_block": "",
            "ipv6_cidr_block_association_id": "",
            "ipv6_native": false,
            "map_customer_owned_ip_on_launch": false,
            "map_public_ip_on_launch": true,
            "outpost_arn": "",
            "owner_id": "891377135193",
            "private_dns_hostname_type_on_launch": "ip-name",
            "region": "sa-east-1",
            "tags": {
              "Name": "gro-public-subnet-1"
            },
            "tags_all": {
              "Name": "gro-public-subnet-1"
            },
            "timeouts": null,
            "vpc_id": "vpc-0df2da2929960c7e0"
          },
          "sensitive_attributes": [],
          "identity_schema_version": 0,
          "identity": {
            "account_id": "891377135193",
            "id": "subnet-02bc0af467878679d",
            "region": "sa-east-1"
          },
          "private": "eyJlMmJmYjczMC1lY2FhLTExZTYtOGY4OC0zNDM2M2JjN2M0YzAiOnsiY3JlYXRlIjo2MDAwMDAwMDAwMDAsImRlbGV0ZSI6MTIwMDAwMDAwMDAwMH0sInNjaGVtYV92ZXJzaW9uIjoiMSJ9",
          "dependencies": [
            "aws_vpc.gru_vpc01"
          ]
        },
        {
          "index_key": 1,
          "schema_version": 1,
          "attributes": {
            "arn": "arn:aws:ec2:sa-east-1:891377135193:subnet/subnet-024f7d8f1f563b93b",
            "assign_ipv6_address_on_creation": false,
            "availability_zone": "sa-east-1b",
            "availability_zone_id": "sae1-az2",
            "cidr_block": "10.55.2.0/24",
            "customer_owned_ipv4_pool": "",
            "enable_dns64": false,
            "enable_lni_at_device_index": 0,
            "enable_resource_name_dns_a_record_on_launch": false,
            "enable_resource_name_dns_aaaa_record_on_launch": false,
            "id": "subnet-024f7d8f1f563b93b",
            "ipv6_cidr_block": "",
            "ipv6_cidr_block_association_id": "",
            "ipv6_native": false,
            "map_customer_owned_ip_on_launch": false,
            "map_public_ip_on_launch": true,
            "outpost_arn": "",
            "owner_id": "891377135193",
            "private_dns_hostname_type_on_launch": "ip-name",
            "region": "sa-east-1",
            "tags": {
              "Name": "gro-public-subnet-2"
            },
            "tags_all": {
              "Name": "gro-public-subnet-2"
            },
            "timeouts": null,
            "vpc_id": "vpc-0df2da2929960c7e0"
          },
          "sensitive_attributes": [],
          "identity_schema_version": 0,
          "identity": {
            "account_id": "891377135193",
            "id": "subnet-024f7d8f1f563b93b",
            "region": "sa-east-1"
          },
          "private": "eyJlMmJmYjczMC1lY2FhLTExZTYtOGY4OC0zNDM2M2JjN2M0YzAiOnsiY3JlYXRlIjo2MDAwMDAwMDAwMDAsImRlbGV0ZSI6MTIwMDAwMDAwMDAwMH0sInNjaGVtYV92ZXJzaW9uIjoiMSJ9",
          "dependencies": [
            "aws_vpc.gru_vpc01"
          ]
        }
      ]
    },
    {
      "mode": "managed",
      "type": "aws_vpc",
      "name": "gru_vpc01",
      "provider": "provider[\"registry.terraform.io/hashicorp/aws\"]",
      "instances": [
        {
          "schema_version": 1,
          "attributes": {
            "arn": "arn:aws:ec2:sa-east-1:891377135193:vpc/vpc-0df2da2929960c7e0",
            "assign_generated_ipv6_cidr_block": false,
            "cidr_block": "10.55.0.0/16",
            "default_network_acl_id": "acl-093bae83cebda5ea6",
            "default_route_table_id": "rtb-0034523d602cc0da7",
            "default_security_group_id": "sg-0327731a67eb36237",
            "dhcp_options_id": "dopt-02fafc093fb18aee7",
            "enable_dns_hostnames": true,
            "enable_dns_support": true,
            "enable_network_address_usage_metrics": false,
            "id": "vpc-0df2da2929960c7e0",
            "instance_tenancy": "default",
            "ipv4_ipam_pool_id": null,
            "ipv4_netmask_length": null,
            "ipv6_association_id": "",
            "ipv6_cidr_block": "",
            "ipv6_cidr_block_network_border_group": "",
            "ipv6_ipam_pool_id": "",
            "ipv6_netmask_length": 0,
            "main_route_table_id": "rtb-0034523d602cc0da7",
            "owner_id": "891377135193",
            "region": "sa-east-1",
            "tags": {
              "Name": "gro-vpc01"
            },
            "tags_all": {
              "Name": "gro-vpc01"
            }
          },
          "sensitive_attributes": [],
          "identity_schema_version": 0,
          "identity": {
            "account_id": "891377135193",
            "id": "vpc-0df2da2929960c7e0",
            "region": "sa-east-1"
          },
          "private": "eyJzY2hlbWFfdmVyc2lvbiI6IjEifQ==",
          "create_before_destroy": true
        }
      ]
    },
    {
      "mode": "managed",
      "type": "aws_vpc_security_group_egress_rule",
      "name": "ec2_all_traffic_ipv4",
      "provider": "provider[\"registry.terraform.io/hashicorp/aws\"]",
      "instances": [
        {
          "schema_version": 0,
          "attributes": {
            "arn": "arn:aws:ec2:sa-east-1:891377135193:security-group-rule/sgr-041d5b300990c8efb",
            "cidr_ipv4": "0.0.0.0/0",
            "cidr_ipv6": null,
            "description": null,
            "from_port": null,
            "id": "sgr-041d5b300990c8efb",
            "ip_protocol": "-1",
            "prefix_list_id": null,
            "referenced_security_group_id": null,
            "region": "sa-east-1",
            "security_group_id": "sg-0db0115d3946dff88",
            "security_group_rule_id": "sgr-041d5b300990c8efb",
            "tags": null,
            "tags_all": {},
            "to_port": null
          },
          "sensitive_attributes": [],
          "identity_schema_version": 0,
          "identity": {
            "account_id": "891377135193",
            "id": "sgr-041d5b300990c8efb",
            "region": "sa-east-1"
          },
          "dependencies": [
            "aws_security_group.gru_ec2_sg01",
            "aws_vpc.gru_vpc01"
          ]
        }
      ]
    },
    {
      "mode": "managed",
      "type": "aws_vpc_security_group_egress_rule",
      "name": "gru_alb_egress",
      "provider": "provider[\"registry.terraform.io/hashicorp/aws\"]",
      "instances": [
        {
          "schema_version": 0,
          "attributes": {
            "arn": "arn:aws:ec2:sa-east-1:891377135193:security-group-rule/sgr-0edef7dc00439ab38",
            "cidr_ipv4": "0.0.0.0/0",
            "cidr_ipv6": null,
            "description": null,
            "from_port": null,
            "id": "sgr-0edef7dc00439ab38",
            "ip_protocol": "-1",
            "prefix_list_id": null,
            "referenced_security_group_id": null,
            "region": "sa-east-1",
            "security_group_id": "sg-0a0dd1a1466abd89a",
            "security_group_rule_id": "sgr-0edef7dc00439ab38",
            "tags": null,
            "tags_all": {},
            "to_port": null
          },
          "sensitive_attributes": [],
          "identity_schema_version": 0,
          "identity": {
            "account_id": "891377135193",
            "id": "sgr-0edef7dc00439ab38",
            "region": "sa-east-1"
          },
          "dependencies": [
            "aws_security_group.gru_alb_sg01",
            "aws_vpc.gru_vpc01"
          ]
        }
      ]
    },
    {
      "mode": "managed",
      "type": "aws_vpc_security_group_egress_rule",
      "name": "rds_all_traffic_ipv4",
      "provider": "provider[\"registry.terraform.io/hashicorp/aws\"]",
      "instances": [
        {
          "schema_version": 0,
          "attributes": {
            "arn": "arn:aws:ec2:sa-east-1:891377135193:security-group-rule/sgr-0eca879e4cae503a0",
            "cidr_ipv4": "0.0.0.0/0",
            "cidr_ipv6": null,
            "description": "Allow all outbound traffic",
            "from_port": null,
            "id": "sgr-0eca879e4cae503a0",
            "ip_protocol": "-1",
            "prefix_list_id": null,
            "referenced_security_group_id": null,
            "region": "sa-east-1",
            "security_group_id": "sg-0225efe2165e967fa",
            "security_group_rule_id": "sgr-0eca879e4cae503a0",
            "tags": null,
            "tags_all": {},
            "to_port": null
          },
          "sensitive_attributes": [],
          "identity_schema_version": 0,
          "identity": {
            "account_id": "891377135193",
            "id": "sgr-0eca879e4cae503a0",
            "region": "sa-east-1"
          },
          "dependencies": [
            "aws_security_group.gru_rds_sg01",
            "aws_vpc.gru_vpc01"
          ]
        }
      ]
    },
    {
      "mode": "managed",
      "type": "aws_vpc_security_group_egress_rule",
      "name": "vpce_all_traffic_ipv4",
      "provider": "provider[\"registry.terraform.io/hashicorp/aws\"]",
      "instances": [
        {
          "schema_version": 0,
          "attributes": {
            "arn": "arn:aws:ec2:sa-east-1:891377135193:security-group-rule/sgr-09b00954860d4be0e",
            "cidr_ipv4": "0.0.0.0/0",
            "cidr_ipv6": null,
            "description": "Allow all outbound traffic",
            "from_port": null,
            "id": "sgr-09b00954860d4be0e",
            "ip_protocol": "-1",
            "prefix_list_id": null,
            "referenced_security_group_id": null,
            "region": "sa-east-1",
            "security_group_id": "sg-02967f494f80f9627",
            "security_group_rule_id": "sgr-09b00954860d4be0e",
            "tags": null,
            "tags_all": {},
            "to_port": null
          },
          "sensitive_attributes": [],
          "identity_schema_version": 0,
          "identity": {
            "account_id": "891377135193",
            "id": "sgr-09b00954860d4be0e",
            "region": "sa-east-1"
          },
          "dependencies": [
            "aws_security_group.gru_vpce_sg01",
            "aws_vpc.gru_vpc01"
          ]
        }
      ]
    },
    {
      "mode": "managed",
      "type": "aws_vpc_security_group_ingress_rule",
      "name": "gru_alb_ingres_443",
      "provider": "provider[\"registry.terraform.io/hashicorp/aws\"]",
      "instances": [
        {
          "schema_version": 0,
          "attributes": {
            "arn": "arn:aws:ec2:sa-east-1:891377135193:security-group-rule/sgr-001c74b21e966a3d8",
            "cidr_ipv4": null,
            "cidr_ipv6": null,
            "description": null,
            "from_port": 443,
            "id": "sgr-001c74b21e966a3d8",
            "ip_protocol": "tcp",
            "prefix_list_id": "pl-5da64334",
            "referenced_security_group_id": null,
            "region": "sa-east-1",
            "security_group_id": "sg-0a0dd1a1466abd89a",
            "security_group_rule_id": "sgr-001c74b21e966a3d8",
            "tags": null,
            "tags_all": {},
            "to_port": 443
          },
          "sensitive_attributes": [],
          "identity_schema_version": 0,
          "identity": {
            "account_id": "891377135193",
            "id": "sgr-001c74b21e966a3d8",
            "region": "sa-east-1"
          },
          "dependencies": [
            "aws_security_group.gru_alb_sg01",
            "aws_vpc.gru_vpc01",
            "data.aws_ec2_managed_prefix_list.gru_cf_origin_facing01"
          ]
        }
      ]
    },
    {
      "mode": "managed",
      "type": "aws_vpc_security_group_ingress_rule",
      "name": "gru_alb_ingres_80",
      "provider": "provider[\"registry.terraform.io/hashicorp/aws\"]",
      "instances": [
        {
          "schema_version": 0,
          "attributes": {
            "arn": "arn:aws:ec2:sa-east-1:891377135193:security-group-rule/sgr-0af069370688a3fd3",
            "cidr_ipv4": "0.0.0.0/0",
            "cidr_ipv6": null,
            "description": null,
            "from_port": 80,
            "id": "sgr-0af069370688a3fd3",
            "ip_protocol": "tcp",
            "prefix_list_id": null,
            "referenced_security_group_id": null,
            "region": "sa-east-1",
            "security_group_id": "sg-0a0dd1a1466abd89a",
            "security_group_rule_id": "sgr-0af069370688a3fd3",
            "tags": null,
            "tags_all": {},
            "to_port": 80
          },
          "sensitive_attributes": [],
          "identity_schema_version": 0,
          "identity": {
            "account_id": "891377135193",
            "id": "sgr-0af069370688a3fd3",
            "region": "sa-east-1"
          },
          "dependencies": [
            "aws_security_group.gru_alb_sg01",
            "aws_vpc.gru_vpc01"
          ]
        }
      ]
    },
    {
      "mode": "managed",
      "type": "aws_vpc_security_group_ingress_rule",
      "name": "gru_ec2_ingress_from_alb01",
      "provider": "provider[\"registry.terraform.io/hashicorp/aws\"]",
      "instances": [
        {
          "schema_version": 0,
          "attributes": {
            "arn": "arn:aws:ec2:sa-east-1:891377135193:security-group-rule/sgr-04c63a601647dbb83",
            "cidr_ipv4": null,
            "cidr_ipv6": null,
            "description": null,
            "from_port": 80,
            "id": "sgr-04c63a601647dbb83",
            "ip_protocol": "tcp",
            "prefix_list_id": null,
            "referenced_security_group_id": "sg-0a0dd1a1466abd89a",
            "region": "sa-east-1",
            "security_group_id": "sg-0db0115d3946dff88",
            "security_group_rule_id": "sgr-04c63a601647dbb83",
            "tags": null,
            "tags_all": {},
            "to_port": 80
          },
          "sensitive_attributes": [],
          "identity_schema_version": 0,
          "identity": {
            "account_id": "891377135193",
            "id": "sgr-04c63a601647dbb83",
            "region": "sa-east-1"
          },
          "dependencies": [
            "aws_security_group.gru_alb_sg01",
            "aws_security_group.gru_ec2_sg01",
            "aws_vpc.gru_vpc01"
          ]
        }
      ]
    },
    {
      "mode": "managed",
      "type": "aws_vpc_security_group_ingress_rule",
      "name": "gru_rds_mysql",
      "provider": "provider[\"registry.terraform.io/hashicorp/aws\"]",
      "instances": [
        {
          "schema_version": 0,
          "attributes": {
            "arn": "arn:aws:ec2:sa-east-1:891377135193:security-group-rule/sgr-0ba9c7a9382cd3c5d",
            "cidr_ipv4": null,
            "cidr_ipv6": null,
            "description": "Allow MySQL access only from app tier EC2 instances",
            "from_port": 3306,
            "id": "sgr-0ba9c7a9382cd3c5d",
            "ip_protocol": "tcp",
            "prefix_list_id": null,
            "referenced_security_group_id": "sg-0db0115d3946dff88",
            "region": "sa-east-1",
            "security_group_id": "sg-0225efe2165e967fa",
            "security_group_rule_id": "sgr-0ba9c7a9382cd3c5d",
            "tags": null,
            "tags_all": {},
            "to_port": 3306
          },
          "sensitive_attributes": [],
          "identity_schema_version": 0,
          "identity": {
            "account_id": "891377135193",
            "id": "sgr-0ba9c7a9382cd3c5d",
            "region": "sa-east-1"
          },
          "dependencies": [
            "aws_security_group.gru_ec2_sg01",
            "aws_security_group.gru_rds_sg01",
            "aws_vpc.gru_vpc01"
          ]
        }
      ]
    },
    {
      "mode": "managed",
      "type": "aws_vpc_security_group_ingress_rule",
      "name": "gru_vpce_ingress",
      "provider": "provider[\"registry.terraform.io/hashicorp/aws\"]",
      "instances": [
        {
          "schema_version": 0,
          "attributes": {
            "arn": "arn:aws:ec2:sa-east-1:891377135193:security-group-rule/sgr-0fdc2325be6577816",
            "cidr_ipv4": null,
            "cidr_ipv6": null,
            "description": "Allow EC2 SG access only for 443",
            "from_port": 443,
            "id": "sgr-0fdc2325be6577816",
            "ip_protocol": "tcp",
            "prefix_list_id": null,
            "referenced_security_group_id": "sg-0db0115d3946dff88",
            "region": "sa-east-1",
            "security_group_id": "sg-02967f494f80f9627",
            "security_group_rule_id": "sgr-0fdc2325be6577816",
            "tags": null,
            "tags_all": {},
            "to_port": 443
          },
          "sensitive_attributes": [],
          "identity_schema_version": 0,
          "identity": {
            "account_id": "891377135193",
            "id": "sgr-0fdc2325be6577816",
            "region": "sa-east-1"
          },
          "dependencies": [
            "aws_security_group.gru_ec2_sg01",
            "aws_security_group.gru_vpce_sg01",
            "aws_vpc.gru_vpc01"
          ]
        }
      ]
    }
  ],
  "check_results": [
    {
      "object_kind": "var",
      "config_addr": "var.route53_hosted_zone_id",
      "status": "pass",
      "objects": [
        {
          "object_addr": "var.route53_hosted_zone_id",
          "status": "pass"
        }
      ]
    },
    {
      "object_kind": "var",
      "config_addr": "var.waf_log_destination",
      "status": "pass",
      "objects": [
        {
          "object_addr": "var.waf_log_destination",
          "status": "pass"
        }
      ]
    },
    {
      "object_kind": "var",
      "config_addr": "var.alb_access_logs_prefix",
      "status": "pass",
      "objects": [
        {
          "object_addr": "var.alb_access_logs_prefix",
          "status": "pass"
        }
      ]
    }
  ]
}
